20250708: [302.0,76.2,null]
20250709: [307.3,78.4,319.6]
20250710: [314.6,75.2,314.3]
20250711: [309.9,75.1,312.0]
20250712: [313.6,75.1,311.4]
20250713: [308.3,75.0,309.3]
20250714: [312.8,75.6,321.9]
20250715: [317.3,74.7,320.1]
20250716: [313.0,74.6,318.7]
20250717: [312.3,74.6,324.3]
20250718: [317.7,74.1,323.2]
20250719: [313.9,74.1,314.9]
20250720: [323.8,74.3,313.5]
20250721: [314.6,74.7,315.1]
20250722: [305.0,74.7,304.5]
20250723: [308.8,74.9,306.3]
20250724: [303.8,75.2,304.2]
20250725: [309.5,74.9,314.4]
20250726: [306.7,74.9,308.2]
20250727: [306.9,75.4,307.7]
20250728: [307.1,75.0,312.7]
20250729: [302.8,77.3,313.8]
20250730: [316.7,75.4,325.3]
20250731: [299.8,76.3,317.0]
20250801: [314.0,75.3,315.6]
20250802: [316.0,75.3,311.0]
20250803: [317.4,75.7,306.7]
20250804: [318.6,75.3,321.2]
20250805: [322.4,75.3,321.0]
20250806: [324.8,75.2,324.5]
20250807: [302.5,76.0,311.1]
20250808: [317.7,76.8,326.9]
20250809: [314.1,76.5,332.5]
20250810: [314.1,76.4,325.2]
20250811: [313.0,75.8,328.2]
20250812: [314.2,77.1,313.4]
20250813: [322.1,76.1,322.1]
20250814: [318.7,77.0,328.0]
20250815: [306.6,76.2,310.7]
20250816: [315.6,77.0,null]
20250817: [316.4,76.9,null]
20250818: [321.6,78.4,321.5]
20250819: [319.6,77.8,319.0]
20250820: [320.2,77.7,324.8]
20250821: [316.2,75.9,316.8]
20250822: [308.0,77.4,321.5]
20250823: [302.0,78.4,322.5]
20250824: [309.9,78.2,322.6]
20250825: [307.3,77.9,318.5]
20250826: [302.8,77.7,299.9]
20250827: [317.4,75.5,322.6]
20250828: [320.1,81.5,309.1]
20250829: [332.6,80.9,294.4]
20250830: [310.8,77.8,258.6]
20250831: [321.5,77.1,244.5]
20250901: [310.9,76.8,244.4]
20250902: [322.3,79.4,245.7]
20250903: [319.8,75.1,246.7]
20250904: [312.7,75.7,250.6]
20250905: [330.6,76.5,253.0]
20250906: [304.3,74.8,243.8]
20250907: [304.4,74.8,248.4]
20250908: [310.7,75.8,249.0]
20250909: [322.5,75.3,240.7]
20250910: [322.9,75.4,241.0]
20250911: [311.2,76.0,248.6]
20250912: [315.2,76.9,252.1]
20250913: [309.1,75.8,248.8]
20250914: [318.6,75.9,253.3]
20250915: [321.3,75.9,253.0]
20250916: [326.5,76.3,259.4]
20250917: [326.6,76.9,254.1]
20250918: [295.2,75.9,249.4]
20250919: [320.7,75.3,248.6]
20250920: [316.7,75.2,248.6]
20250921: [311.3,75.2,244.8]
20250922: [314.1,75.4,244.7]
20250923: [318.2,75.7,246.9]
20250924: [313.8,75.6,249.9]
20250926: [321.0,74.2,248.7]
20250927: [318.0,75.3,247.3]
20250928: [300.5,75.6,247.3]
20250929: [328.1,76.4,255.3]
20250930: [310.5,78.5,251.1]
20251001: [311.3,77.9,251.2]
20251002: [316.3,76.0,250.9]
20251003: [314.3,79.9,246.2]
20251004: [322.8,80.8,249.5]
20251005: [316.0,80.9,254.7]
20251006: [316.0,81.0,254.3]
20251007: [316.4,81.4,255.3]
20251008: [316.3,78.1,247.6]
20251009: [320.9,77.3,247.8]
20251010: [312.2,77.2,248.6]
20251011: [303.8,79.5,253.0]
20251012: [330.9,79.9,253.8]
20251013: [308.7,76.6,244.8]
20251014: [314.7,78.1,252.0]
20251015: [314.7,78.1,252.2]
20251016: [320.2,77.9,241.0]
20251017: [317.3,78.5,245.5]
20251018: [349.7,80.0,250.4]
20251019: [317.7,78.8,249.7]
20251020: [317.7,79.4,252.1]
20251021: [297.9,77.5,173.3]
20251022: [303.5,81.3,181.2]
20251023: [313.6,76.2,176.4]
20251024: [313.5,76.0,176.4]
20251025: [317.9,76.5,174.2]
20251026: [321.1,76.5,174.1]
20251027: [307.4,76.1,173.3]
20251028: [306.7,76.3,173.6]
20251029: [302.9,76.5,176.5]
20251030: [312.7,79.6,175.2]
20251031: [312.6,79.4,175.2]
20251101: [324.1,79.8,176.1]
20251102: [320.9,77.3,181.2]
20251103: [321.1,77.5,181.9]
20251104: [328.9,79.3,188.1]
20251105: [309.7,76.7,180.5]
20251106: [304.5,77.0,175.3]
20251107: [309.6,77.8,176.3]
20251108: [305.9,78.6,173.6]
20251109: [304.9,76.8,181.7]
20251110: [316.6,76.1,174.8]
20251111: [301.1,75.8,173.1]
20251112: [306.3,76.1,174.5]
20251113: [299.6,78.5,179.6]
20251114: [309.4,78.2,179.7]
20251115: [326.0,78.5,183.6]
20251117: [309.5,78.8,182.2]
20251118: [314.6,78.8,181.0]
20251119: [311.1,81.6,177.7]
20251120: [316.3,79.8,189.0]
20251121: [308.0,76.5,175.7]
20251124: [324.0,80.3,186.4]
20251125: [323.4,79.6,186.7]
20251126: [303.0,75.8,177.5]
20251127: [318.0,75.8,174.9]
20251128: [314.2,76.7,177.3]
20251129: [318.3,77.5,178.3]
20251130: [322.0,77.6,177.8]
20251201: [316.4,76.8,172.7]
20251202: [320.1,77.8,118.1]
20251203: [298.9,77.3,119.2]
20251204: [320.6,76.0,121.6]
20251205: [315.6,76.7,115.9]
20251206: [320.3,76.6,109.7]
20251207: [324.0,77.2,119.8]
20251208: [310.1,77.3,117.0]
20251209: [320.0,76.3,115.3]
20251210: [323.8,77.2,114.4]
20251211: [313.8,76.8,113.9]
20251212: [310.8,77.2,117.6]
20251213: [321.7,76.9,116.6]
20251214: [305.9,76.6,117.7]
20251215: [304.3,77.7,113.9]
20251216: [324.1,76.7,114.4]
20251217: [311.6,78.5,118.7]
20251218: [316.9,77.0,117.0]
20251219: [304.5,75.9,114.1]
20251220: [306.3,77.2,118.2]
20251221: [327.0,77.3,118.8]
20251222: [322.9,77.3,119.0]
20251223: [325.6,77.0,119.0]
20251224: [306.1,77.1,119.8]
20251225: [324.1,77.1,120.8]
20251226: [295.0,77.3,117.6]
20251227: [311.3,76.2,117.2]
20251228: [311.7,76.3,117.3]
20251229: [315.3,77.7,118.8]
20251230: [317.7,76.8,114.7]
20251231: [310.8,79.0,121.2]
20260101: [324.8,78.8,122.0]
20260102: [318.1,79.4,122.8]
20260103: [321.1,79.5,123.3]
20260104: [315.1,79.5,122.0]
20260105: [305.9,75.8,111.9]
20260106: [320.7,76.5,116.0]
20260107: [321.0,77.2,111.0]
20260108: [314.5,77.2,111.4]
20260109: [317.8,77.4,113.8]
20260110: [310.6,75.7,111.0]
20260111: [306.9,75.7,110.5]
20260112: [311.1,75.7,114.6]
20260113: [314.9,75.8,110.4]
20260114: [311.4,75.7,114.1]
20260115: [312.4,77.1,114.5]
20260116: [313.0,79.1,110.8]
20260117: [314.0,79.5,122.0]
20260118: [320.5,81.0,114.3]
20260119: [321.5,80.9,114.3]
20260120: [306.6,79.4,120.2]
20260121: [298.8,76.4,115.7]
20260122: [305.8,79.8,116.2]
20260123: [310.7,77.2,112.0]
20260124: [325.4,78.6,117.1]
20260125: [307.0,77.7,114.3]
20260126: [320.7,78.4,112.8]
20260127: [312.4,79.0,116.2]
20260128: [316.8,78.6,124.1]
20260129: [322.1,78.2,123.5]
20260130: [322.8,80.1,118.1]
20260131: [310.1,79.8,111.5]
20260201: [308.5,79.4,112.7]
20260202: [315.7,78.8,114.4]
20260203: [306.1,78.0,114.4]
20260204: [308.0,76.8,115.2]
20260205: [302.9,76.8,115.5]
20260206: [313.6,76.8,115.8]
20260207: [302.9,77.0,114.3]
20260208: [302.7,78.6,118.3]
20260209: [315.7,76.8,117.0]
20260210: [300.3,74.1,95.2]
20260211: [293.8,73.7,95.3]
20260212: [307.8,72.7,101.6]
20260213: [291.9,72.3,94.9]
