20251202: [162.9,15.9,138.3]
20251203: [156.9,16.4,137.5]
20251204: [160.1,16.3,136.2]
20251205: [161.3,15.5,138.5]
20251206: [161.1,16.1,136.4]
20251207: [161.3,15.4,135.1]
20251208: [158.9,16.0,137.7]
20251209: [158.2,16.0,169.6]
20251210: [163.6,15.8,140.1]
20251211: [165.0,15.4,135.9]
20251212: [159.0,15.5,137.5]
20251213: [161.3,16.0,138.1]
20251214: [161.9,16.3,137.7]
20251215: [158.7,16.0,139.9]
20251216: [163.3,15.8,138.3]
20251217: [162.8,15.7,145.4]
20251218: [159.7,15.4,137.4]
20251219: [159.1,16.5,138.6]
20251220: [158.3,15.9,139.1]
20251221: [159.5,15.5,139.6]
20251222: [158.7,15.6,139.6]
20251223: [159.1,15.6,139.7]
20251224: [158.9,16.4,139.0]
20251225: [160.1,16.0,139.8]
20251226: [157.9,15.4,139.8]
20251227: [159.3,15.6,139.2]
20251228: [159.3,19.1,139.7]
20251229: [161.1,15.4,138.2]
20251230: [162.7,15.4,139.3]
20251231: [157.7,15.5,138.3]
20260101: [160.1,15.4,139.7]
20260102: [160.4,15.4,139.5]
20260103: [160.9,15.4,139.7]
20260104: [159.6,15.9,139.4]
20260105: [162.3,15.5,138.7]
20260106: [159.3,15.4,140.0]
20260107: [157.7,15.9,138.2]
20260108: [158.9,15.4,138.5]
20260109: [159.2,15.9,140.0]
20260110: [158.5,15.8,138.5]
20260111: [157.9,15.4,138.1]
20260112: [158.9,15.9,139.4]
20260113: [158.6,15.4,138.6]
20260114: [167.4,15.4,139.5]
20260115: [160.6,15.9,142.1]
20260116: [156.5,16.3,138.2]
20260117: [160.8,15.5,140.2]
20260118: [159.3,15.8,141.5]
20260119: [158.8,15.7,142.7]
20260120: [159.4,15.4,145.7]
20260121: [162.4,15.9,154.0]
20260122: [163.9,15.5,139.4]
20260123: [161.1,15.4,140.6]
20260124: [160.1,15.4,139.7]
20260125: [161.3,15.4,143.9]
20260126: [157.1,15.4,138.7]
20260127: [158.9,15.4,137.7]
20260128: [156.2,15.9,29.5]
20260129: [158.0,15.9,29.5]
20260130: [165.3,16.4,29.5]
20260131: [160.0,15.8,29.8]
20260201: [191.5,15.4,30.1]
20260202: [159.2,16.4,29.9]
20260203: [159.8,15.4,29.6]
20260204: [155.6,16.4,29.8]
20260205: [156.8,15.5,29.8]
20260206: [157.1,15.4,29.8]
20260207: [155.7,16.0,29.8]
20260208: [156.2,15.4,29.8]
20260209: [159.1,16.0,29.8]
20260210: [157.9,15.5,29.8]
20260211: [158.0,15.4,29.7]
20260212: [157.8,15.4,29.7]
20260213: [158.0,16.5,29.7]
20260214: [158.5,15.4,29.7]
20260215: [159.9,15.4,29.7]
20260216: [159.8,15.4,29.7]
20260217: [159.8,15.8,29.7]
20260218: [161.7,15.4,29.7]
20260219: [157.5,15.4,29.7]
20260220: [157.7,15.8,29.7]
20260221: [159.1,16.0,29.7]
20260222: [159.1,16.4,29.7]
20260223: [157.4,16.0,29.7]
20260224: [159.1,15.4,29.6]
20260225: [158.7,15.4,29.5]
20260226: [157.6,15.4,29.5]
20260227: [159.5,15.8,29.6]
20260228: [158.9,15.4,29.5]
20260301: [162.2,15.4,29.5]
20260302: [160.1,15.5,29.5]
20260303: [165.7,15.6,29.5]
20260304: [163.7,15.9,29.5]
20260305: [161.6,16.3,30.1]
20260306: [161.2,16.3,29.3]
20260307: [160.6,15.4,29.2]
20260308: [172.7,16.3,29.1]
20260310: [166.7,16.0,29.1]
20260311: [165.1,15.4,29.2]
20260312: [160.8,15.4,29.2]
20260313: [165.3,15.9,29.1]
20260315: [166.8,16.7,29.1]
20260316: [166.5,16.6,29.1]
20260317: [160.7,16.6,29.3]
20260318: [158.3,15.4,32.1]
20260319: [158.4,15.4,31.9]
20260321: [160.4,15.7,28.8]
20260322: [160.1,15.9,28.8]
20260323: [160.4,15.4,28.8]
20260324: [160.9,15.7,28.9]
20260325: [161.2,15.4,28.9]
20260326: [160.3,15.6,28.9]
20260327: [161.4,15.8,29.2]
20260328: [158.0,15.5,29.3]
20260329: [163.3,15.5,29.1]
20260330: [163.0,15.6,29.0]
20260331: [167.8,15.5,28.9]
20260401: [158.9,15.5,28.7]
20260402: [158.4,15.9,30.6]
20260403: [159.2,15.4,28.7]
