20260324: [298.3,96.1,110.8]
20260325: [318.8,102.2,115.2]
20260326: [307.1,98.0,110.8]
20260327: [324.3,100.3,111.6]
20260328: [316.7,97.6,111.6]
20260329: [304.7,94.3,111.2]
20260330: [311.4,94.4,111.5]
20260331: [316.9,99.2,110.6]
20260401: [308.0,95.8,109.5]
20260402: [299.4,93.1,107.8]
20260403: [320.5,100.8,112.6]
