20260306: [161.2,16.3,29.3]
20260307: [160.6,15.4,29.2]
20260308: [172.7,16.3,29.1]
20260310: [166.7,16.0,29.1]
20260311: [165.1,15.4,29.2]
20260312: [160.8,15.4,29.2]
20260313: [165.3,15.9,29.1]
20260315: [166.8,16.7,29.1]
20260316: [166.5,16.6,29.1]
20260317: [160.7,16.6,29.3]
20260318: [158.3,15.4,32.1]
20260319: [158.4,15.4,31.9]
20260321: [160.4,15.7,28.8]
20260322: [160.1,15.9,28.8]
20260323: [160.4,15.4,28.8]
20260324: [160.9,15.7,28.9]
20260325: [161.2,15.4,28.9]
20260326: [160.3,15.6,28.9]
20260327: [161.4,15.8,29.2]
20260328: [158.0,15.5,29.3]
20260329: [163.3,15.5,29.1]
20260330: [163.0,15.6,29.0]
20260331: [167.8,15.5,28.9]
20260401: [158.9,15.5,28.7]
20260402: [158.4,15.9,30.6]
20260403: [159.2,15.4,28.7]
