20260211: [303.5,96.6,111.8]
20260212: [307.9,94.3,107.0]
20260213: [292.0,94.4,113.2]
20260214: [295.0,94.9,110.1]
20260215: [311.1,96.1,113.9]
20260216: [311.5,96.2,111.1]
20260217: [310.8,96.1,111.3]
20260218: [301.3,97.7,112.3]
20260219: [311.4,98.6,110.8]
20260220: [320.5,99.8,114.0]
20260221: [309.7,101.3,116.7]
20260222: [330.1,101.4,116.9]
20260223: [315.1,97.6,112.2]
20260224: [308.1,100.1,112.5]
20260225: [313.9,98.0,113.4]
20260226: [307.9,98.5,113.9]
20260227: [311.6,94.9,113.3]
20260228: [315.2,94.2,106.8]
20260301: [317.2,97.8,110.5]
20260302: [317.4,98.0,110.4]
20260303: [317.2,97.8,109.8]
20260304: [314.3,92.4,105.1]
20260305: [314.3,92.8,110.2]
20260306: [319.2,99.6,117.4]
20260307: [312.2,97.9,114.1]
20260308: [307.2,97.7,114.2]
20260310: [314.5,96.4,115.7]
20260311: [317.1,95.5,112.9]
20260312: [319.3,94.7,112.6]
20260313: [312.7,99.6,115.1]
20260315: [317.7,96.5,112.7]
20260316: [308.1,96.4,113.7]
20260317: [314.3,98.2,118.3]
20260318: [329.5,103.1,125.6]
20260319: [329.7,102.8,122.4]
20260321: [309.4,96.4,107.7]
20260322: [311.1,96.0,107.7]
20260323: [309.5,96.0,108.9]
20260324: [298.3,96.1,110.8]
20260325: [318.8,102.2,115.2]
20260326: [307.1,98.0,110.8]
20260327: [324.3,100.3,111.6]
20260328: [316.7,97.6,111.6]
20260329: [304.7,94.3,111.2]
20260330: [311.4,94.4,111.5]
20260331: [316.9,99.2,110.6]
20260401: [308.0,95.8,109.5]
20260402: [299.4,93.1,107.8]
20260403: [320.5,100.8,112.6]
