20250809: [10001905.208529294]
20250810: [9993829.818925941]
20250811: [9738759.741084494]
20250812: [9213352.625031678]
20250813: [10465036.466815125]
20250814: [10427184.263682304]
20250815: [10434521.309589736]
20250816: [9829628.01345883]
20250817: [9793044.441691076]
20250818: [10539313.401249446]
20250819: [10204353.877360322]
20250820: [10093998.910424557]
20250821: [10422733.849542376]
20250822: [10113026.019054469]
20250823: [10226532.808711799]
20250824: [10101250.843166847]
20250825: [10298018.111691495]
20250826: [9254004.945674958]
20250827: [9094313.422843784]
20250828: [10311918.490396561]
20250829: [9801945.271924658]
20250830: [9336943.236838501]
20250831: [9951922.734761717]
20250901: [9929465.195491668]
20250902: [10204669.713775853]
20250903: [10078081.275203442]
20250904: [10496019.998348799]
20250905: [10311362.752202798]
20250906: [9992463.36935528]
20250907: [10013174.308524068]
20250908: [10722756.768388815]
20250909: [9225815.170540756]
20250910: [9314447.594335627]
20250911: [9012444.772632366]
20250912: [9098341.955480007]
20250913: [9194235.7937687]
20250914: [8622050.931376465]
20250915: [8702850.642091889]
20250916: [9388175.855409916]
20250917: [9700865.955475762]
20250918: [9040955.448203819]
20250919: [8646883.094067467]
20250920: [9041937.013358952]
20250921: [9209363.901882151]
20250922: [9312192.461266436]
20250923: [9839929.36748201]
20250924: [8938161.269152183]
20250926: [8501550.64935071]
20250927: [8975281.140423395]
20250928: [9092349.817477686]
20250929: [8559815.093341025]
20250930: [8804381.103509305]
20251001: [8516242.27337946]
20251002: [8482039.921815386]
20251003: [9371417.31513203]
20251004: [9899239.426087812]
20251005: [9006964.316394782]
20251006: [9182619.970193358]
20251007: [9629475.022762833]
20251008: [10350781.594799582]
20251009: [9634695.858252246]
20251010: [9691251.37642732]
20251011: [8741920.132422743]
20251012: [8987765.83122824]
20251013: [9702209.676643016]
20251014: [9670576.271495162]
20251015: [9671363.912023963]
20251016: [9573368.920663634]
20251017: [10323358.267493749]
20251018: [10461181.7167917]
20251019: [10204475.442353707]
20251020: [9700334.45015215]
20251021: [9715084.389294013]
20251022: [9678917.625340382]
20251023: [7951897.83600579]
20251024: [7985059.705205267]
20251025: [8857951.567336708]
20251026: [8970350.496144988]
20251027: [9586822.346805643]
20251028: [9586393.72293047]
20251029: [9578214.034322478]
20251030: [10332657.8868583]
20251031: [10392493.2687028]
20251101: [10122238.851023784]
20251102: [10245878.355136616]
20251103: [10158797.95379117]
20251104: [10304006.27284965]
20251105: [10747338.357798766]
20251106: [11010844.490559584]
20251107: [10283282.294622803]
20251108: [10392624.514315598]
20251109: [10507843.987850068]
20251110: [10426460.724964736]
20251111: [10910901.67246255]
20251112: [10086640.016542591]
20251113: [10740673.799656702]
20251114: [10692796.090721352]
20251115: [10120959.343168123]
20251117: [9173188.872056141]
20251118: [9294014.75701783]
20251119: [9735057.84451722]
20251120: [9980900.702707052]
20251121: [10062506.845308302]
