20250708: [5716251.447614922]
20250709: [5413818.882947914]
20250710: [5792325.435462089]
20250711: [5526603.042265924]
20250712: [5540456.86686107]
20250713: [5571476.847373765]
20250714: [5712473.1299354285]
20250715: [5713576.884427826]
20250716: [5613339.834177753]
20250717: [5538512.814775195]
20250718: [5492142.711281743]
20250719: [6058974.289272847]
20250720: [5747052.360368777]
20250721: [5297855.141309511]
20250722: [5286714.591547685]
20250723: [5066342.940138259]
20250724: [5065398.422941705]
20250725: [5380192.855175808]
20250726: [5466274.274897221]
20250727: [5484201.113673886]
20250728: [5494895.995379897]
20250729: [5794630.303960582]
20250730: [5608488.605202555]
20250731: [5788832.254720536]
20250801: [6124117.992430074]
20250802: [5658039.612726414]
20250803: [5592339.110442506]
20250804: [5611273.388861013]
20250805: [5741593.517977515]
20250806: [5705666.626492242]
20250807: [5843884.593997393]
20250808: [6089970.500002542]
20250809: [6035873.417884617]
20250810: [6125449.669545205]
20250811: [5951630.92418424]
20250812: [6213751.101798636]
20250813: [5802391.788119261]
20250814: [6195865.175301226]
20250815: [6008711.461764977]
20250816: [6116956.522309189]
20250817: [6070546.520094912]
20250818: [6397621.81060174]
20250819: [5982732.489350971]
20250820: [5962233.795818516]
20250821: [6444993.020615855]
20250822: [5831793.6132249115]
20250823: [6152626.174083681]
20250824: [6151156.589457166]
20250825: [6094758.046505253]
20250826: [6132771.506955891]
20250827: [5993343.962462733]
20250828: [5679186.054879075]
20250829: [6000793.21315141]
20250830: [5639223.110150894]
20250831: [5948440.794571542]
20250901: [5819191.394151795]
20250902: [5888794.054777671]
20250903: [5527530.723509309]
20250904: [5920364.74742619]
20250905: [5902964.334040183]
20250906: [5823191.67609128]
20250907: [5412810.450121733]
20250908: [5349243.627728396]
20250909: [5711705.477879546]
20250910: [5589784.412760075]
20250911: [5926874.687795569]
20250912: [6126217.612167356]
20250913: [5825687.861317893]
20250914: [5715555.196734107]
20250915: [5771981.388952363]
20250916: [5715299.7736034915]
20250917: [5789384.485998051]
20250918: [5388064.884195098]
20250919: [5309877.76577629]
20250920: [5282187.45149718]
20250921: [5654901.196393789]
20250922: [5654864.944694065]
20250923: [5509808.032036508]
20250924: [5814839.407460385]
20250926: [5644897.880475958]
20250927: [5852361.565227953]
20250928: [5896500.378201861]
20250929: [5560348.26236172]
20250930: [5748992.605091726]
20251001: [5745826.671303129]
20251002: [5891784.761433743]
20251003: [6009963.551989331]
20251004: [5869302.836161914]
20251005: [5713344.613280193]
20251006: [5842376.389993507]
20251007: [5249981.881914641]
20251008: [5461622.784721704]
20251009: [5643210.0290153185]
20251010: [5348210.139037581]
20251011: [5168889.252753017]
20251012: [5343292.250281076]
20251013: [5359080.224056864]
20251014: [5859898.63825191]
20251015: [5772008.698745223]
20251016: [5975561.031340287]
20251017: [5733954.07652813]
20251018: [6075296.179662378]
20251019: [6021327.72032889]
20251020: [5822254.217754664]
20251021: [5355526.47781472]
20251022: [5802949.042937127]
20251023: [5838524.104347041]
20251024: [5807227.878325602]
20251025: [4962439.4487774465]
20251026: [5575331.2506158715]
20251027: [5820423.277054063]
20251028: [5774897.420338741]
20251029: [5689104.383996905]
20251030: [5577500.477973604]
20251031: [5666255.209442513]
20251101: [5946840.868007992]
20251102: [6091156.135192975]
20251103: [5969752.864117514]
20251104: [6406219.603592919]
20251105: [6591659.155198332]
20251106: [6459999.9773300495]
20251107: [6815993.328523647]
20251108: [6335764.128409841]
20251109: [6300448.208818458]
20251110: [6038185.185912667]
20251111: [6361566.787465652]
20251112: [6607553.680257124]
20251113: [5811297.755278022]
20251114: [6104303.028949532]
20251115: [6609994.250960989]
20251117: [5928296.341197853]
20251118: [5959384.373471924]
20251119: [6308009.9013996925]
20251120: [6684188.214501414]
20251121: [6014361.625057765]
20251124: [6219285.219266131]
20251125: [6067865.514720523]
20251126: [5987938.813464596]
20251127: [6053291.187934136]
20251128: [6301373.456518191]
20251129: [6259156.890455223]
20251130: [6211482.809653206]
20251201: [6120825.24371158]
20251202: [5881840.217550911]
20251203: [6070755.61112903]
20251204: [6240672.757266114]
20251205: [6504174.848666798]
20251206: [6185098.861692361]
20251207: [6537563.736994375]
20251208: [6673545.300380457]
20251209: [6661297.173211247]
20251210: [6294515.066458009]
20251211: [6116337.21521572]
20251212: [6031665.591444795]
20251213: [6648250.068538334]
20251214: [6541872.684386142]
20251215: [6581254.569516046]
20251216: [6075521.48480104]
20251217: [6721227.8146427525]
20251218: [6419275.964310342]
20251219: [6179052.434543574]
20251220: [7017168.852908434]
20251221: [7103583.933287698]
20251222: [7019867.100577104]
20251223: [7127214.778826789]
20251224: [6589156.487617622]
20251225: [6700167.284621134]
20251226: [6351448.389256422]
20251227: [6243038.004224299]
20251228: [6238714.219366822]
20251229: [6443513.752074785]
20251230: [7071921.170590024]
20251231: [6452451.866923181]
20260101: [6180060.57641922]
20260102: [6103080.70987224]
20260103: [5959763.204214399]
20260104: [6751156.21436071]
20260105: [6760959.489668081]
20260106: [6748419.007671647]
20260107: [6750914.500799011]
20260108: [6876252.936886375]
20260109: [6873210.977180529]
20260110: [6704310.305280343]
