20251017: [7307589.5559413275]
20251018: [7507270.514387236]
20251019: [7579541.390186652]
20251020: [7623803.090304855]
20251021: [7315777.408224801]
20251022: [7621180.073066635]
20251023: [7169137.307686485]
20251024: [6081231.322335582]
20251025: [6737549.104736081]
20251026: [6362501.730724515]
20251027: [7026093.646296484]
20251028: [6886602.500903837]
20251029: [6860233.273642517]
20251030: [6537961.753827608]
20251031: [6614370.518701984]
20251101: [7612448.753782947]
20251102: [8073723.274043761]
20251103: [7854665.188072262]
20251104: [8278630.035260912]
20251105: [8023504.622593203]
20251106: [9071816.187983429]
20251107: [8337159.291323305]
20251108: [8563379.074616794]
20251109: [8834323.269246493]
