20251027: [5820423.277054063]
20251028: [5774897.420338741]
20251029: [5689104.383996905]
20251030: [5577500.477973604]
20251031: [5666255.209442513]
20251101: [5946840.868007992]
20251102: [6091156.135192975]
20251103: [5969752.864117514]
20251104: [6406219.603592919]
20251105: [6591659.155198332]
20251106: [6459999.9773300495]
20251107: [6815993.328523647]
