20251026: [6362501.730724515]
20251027: [7026093.646296484]
20251028: [6886602.500903837]
20251029: [6860233.273642517]
20251030: [6537961.753827608]
20251031: [6614370.518701984]
20251101: [7612448.753782947]
20251102: [8073723.274043761]
20251103: [7854665.188072262]
20251104: [8278630.035260912]
20251105: [8023504.622593203]
20251106: [9071816.187983429]
20251107: [8337159.291323305]
