20250815: [8119423.240909735]
20250816: [7806413.681299534]
20250817: [7899641.22377741]
20250818: [8117287.698037015]
20250819: [7737559.858207038]
20250820: [7920036.483678309]
20250821: [6646669.541749015]
20250822: [7574733.911844374]
20250823: [7348164.708223406]
20250824: [7433490.718535461]
20250825: [7379951.57972718]
20250826: [7245527.44967927]
20250827: [7466988.182050626]
20250828: [6931353.936780498]
20250829: [7845336.150147139]
20250830: [6649591.983363651]
20250831: [6410019.504393826]
20250901: [6738405.59364937]
20250902: [7502258.868719116]
20250903: [6970499.107719792]
20250904: [8152032.061382566]
20250905: [7913884.985865773]
20250906: [7478011.688020095]
20250907: [7599447.1709338175]
20250908: [6686550.717173589]
20250909: [6956203.592626765]
20250910: [7172946.839298891]
20250911: [7311065.887314876]
20250912: [7142657.235228748]
20250913: [7766293.059500444]
20250914: [7436157.521256182]
20250915: [7309103.699671602]
20250916: [7321263.197359124]
20250917: [7427177.028734188]
20250918: [7492630.868254874]
20250919: [7222677.441207707]
20250920: [7086772.297208013]
20250921: [7375832.731446966]
20250922: [7386288.105669843]
20250923: [7520602.476246739]
20250924: [6525201.967260097]
20250926: [6454111.40898045]
20250927: [6943794.519716479]
20250928: [7083103.2952250885]
20250929: [7638503.059752201]
20250930: [6602184.06163317]
20251001: [7449677.470619155]
20251002: [7339753.365444881]
20251003: [7765108.58212225]
20251004: [7483888.993618672]
20251005: [7514993.109100946]
20251006: [7665952.205529106]
20251007: [6732551.314439907]
20251008: [6728874.5233694315]
20251009: [7050797.338693691]
20251010: [6845796.689568567]
20251011: [7020622.700094394]
20251012: [7009911.023038215]
20251013: [6324500.439157981]
20251014: [6809344.206427801]
20251015: [7542104.611742429]
20251016: [6989995.477762022]
20251017: [7307589.5559413275]
20251018: [7507270.514387236]
20251019: [7579541.390186652]
20251020: [7623803.090304855]
20251021: [7315777.408224801]
20251022: [7621180.073066635]
20251023: [7169137.307686485]
20251024: [6081231.322335582]
20251025: [6737549.104736081]
20251026: [6362501.730724515]
20251027: [7026093.646296484]
20251028: [6886602.500903837]
20251029: [6860233.273642517]
20251030: [6537961.753827608]
20251031: [6614370.518701984]
20251101: [7612448.753782947]
20251102: [8073723.274043761]
20251103: [7854665.188072262]
20251104: [8278630.035260912]
20251105: [8023504.622593203]
20251106: [9071816.187983429]
20251107: [8337159.291323305]
20251108: [8563379.074616794]
20251109: [8834323.269246493]
20251110: [8360701.99410254]
20251111: [8601199.332964048]
20251112: [8430261.05521445]
20251113: [8558058.679028]
20251114: [8442502.625898827]
20251115: [8632918.74462249]
20251117: [7270822.581311643]
20251118: [7335168.245923153]
20251119: [8557422.619295822]
20251120: [8573767.66613151]
20251121: [7987401.13487902]
