20251008: [5461622.784721704]
20251009: [5643210.0290153185]
20251010: [5348210.139037581]
20251011: [5168889.252753017]
20251012: [5343292.250281076]
20251013: [5359080.224056864]
20251014: [5859898.63825191]
20251015: [5772008.698745223]
20251016: [5975561.031340287]
20251017: [5733954.07652813]
20251018: [6075296.179662378]
20251019: [6021327.72032889]
20251020: [5822254.217754664]
20251021: [5355526.47781472]
20251022: [5802949.042937127]
20251023: [5838524.104347041]
20251024: [5807227.878325602]
20251025: [4962439.4487774465]
20251026: [5575331.2506158715]
20251027: [5820423.277054063]
20251028: [5774897.420338741]
20251029: [5689104.383996905]
20251030: [5577500.477973604]
20251031: [5666255.209442513]
20251101: [5946840.868007992]
20251102: [6091156.135192975]
20251103: [5969752.864117514]
20251104: [6406219.603592919]
20251105: [6591659.155198332]
20251106: [6459999.9773300495]
20251107: [6815993.328523647]
20251108: [6335764.128409841]
20251109: [6300448.208818458]
