20250902: [216286.43813148548]
20250903: [208550.93444437673]
20250904: [212731.56075391613]
20250905: [212303.6924978724]
20250906: [217645.82512477643]
20250907: [214503.70016518113]
20250908: [213818.40093600083]
20250909: [214773.52489179643]
20250910: [212125.1769687465]
20250911: [208375.29361755127]
20250912: [213148.78652739502]
20250913: [213622.02036469133]
20250914: [215505.0471023611]
20250915: [215339.59474374974]
20250916: [215816.74605230975]
20250917: [212697.1194575726]
20250918: [212366.28791673682]
20250919: [211767.05321674913]
20250920: [218915.2273357302]
20250921: [218436.0161808534]
20250922: [219955.38580059475]
20250923: [218164.81229266277]
20250924: [216360.18114628614]
20250926: [215622.28712878336]
20250927: [218299.4419235994]
20250928: [217947.77741793424]
20250929: [215547.27837256252]
20250930: [214924.19419331444]
20251001: [216285.16051224762]
20251002: [215465.48866978512]
20251003: [219872.40510388938]
20251004: [214510.2073649794]
20251005: [217630.0452019543]
20251006: [217503.8489070658]
20251007: [218349.82728176686]
20251008: [213927.5720245077]
20251009: [214694.68305093894]
20251010: [216457.27784888985]
20251011: [214131.12007248192]
20251012: [214575.71578259952]
20251013: [216759.73504571972]
20251014: [215403.35747922002]
20251015: [213768.86368802574]
20251016: [217071.99308062397]
20251017: [218033.04784126757]
20251018: [218393.74694214948]
20251019: [216442.17903440222]
20251020: [214090.31357063988]
20251021: [219499.2895574818]
20251022: [217255.42164405785]
20251023: [214805.0947202386]
20251024: [215194.8378576827]
20251025: [219977.5358000101]
20251026: [216466.967954115]
20251027: [210991.27844329047]
20251028: [216310.80214468855]
20251029: [217736.33723920237]
20251030: [215218.08187037965]
20251031: [217532.45321122158]
20251101: [215013.00328990963]
20251102: [211932.48115183008]
20251103: [214410.61767281673]
20251104: [214941.29724390464]
20251105: [213093.9164735632]
20251106: [212300.81805138345]
20251107: [216161.85817321762]
20251108: [219186.53351636467]
20251109: [210872.73855069984]
20251110: [217298.56273391395]
20251111: [215947.90369622887]
20251112: [216548.5996130785]
20251113: [215974.12124574403]
20251114: [223493.4908974138]
20251115: [218960.44666718756]
20251117: [215044.15745742747]
20251118: [217647.61152610404]
20251119: [217069.12639867965]
