20251025: [219977.5358000101]
20251026: [216466.967954115]
20251027: [210991.27844329047]
20251028: [216310.80214468855]
20251029: [217736.33723920237]
20251030: [215218.08187037965]
20251031: [217532.45321122158]
20251101: [215013.00328990963]
20251102: [211932.48115183008]
20251103: [214410.61767281673]
20251104: [214941.29724390464]
20251105: [213093.9164735632]
20251106: [212300.81805138345]
20251107: [216161.85817321762]
20251108: [219186.53351636467]
