20250708: [213461.41683725666]
20250709: [217007.64880817352]
20250710: [210341.01254086095]
20250711: [211334.59194299782]
20250712: [213384.25053837113]
20250713: [213246.849081239]
20250714: [215091.61308449044]
20250715: [211782.79257960754]
20250716: [216767.6286200271]
20250717: [214970.2172307665]
20250718: [214066.2659261981]
20250719: [218304.76208533958]
20250720: [213906.48260604718]
20250721: [216044.53670757118]
20250722: [213573.3382330612]
20250723: [211944.02863876018]
20250724: [211629.2133264777]
20250725: [210095.10830619893]
20250726: [212599.78248648287]
20250727: [211281.75224028688]
20250728: [212980.6984347023]
20250729: [211373.46959098292]
20250730: [216296.78755270486]
20250731: [214518.1216899553]
20250801: [210900.27117473492]
20250802: [212511.62921900558]
20250803: [212749.34395144865]
20250804: [215843.28273735536]
20250805: [215494.04363652552]
20250806: [213040.6523125303]
20250807: [209554.40855281535]
20250808: [214098.54813650643]
20250809: [209589.90320706164]
20250810: [213607.5715944426]
20250811: [212174.99346201227]
20250812: [210454.60010057865]
20250813: [210054.2748614174]
20250814: [215323.74893993512]
20250815: [207322.0030961529]
20250816: [214787.9906930686]
20250817: [212405.94040439607]
20250818: [216217.4997523331]
20250819: [215301.50806088018]
20250820: [209909.61793972965]
20250821: [214445.06124039236]
20250822: [219613.4809029386]
20250823: [217005.9088826249]
20250824: [216345.80694488538]
20250825: [216577.78723745485]
20250826: [217144.25614317993]
20250827: [214907.65324513515]
20250828: [215573.56500948165]
20250829: [215241.82244366314]
20250830: [215077.80495700391]
20250831: [212636.09058949942]
20250901: [213374.7198173977]
20250902: [216286.43813148548]
20250903: [208550.93444437673]
20250904: [212731.56075391613]
20250905: [212303.6924978724]
20250906: [217645.82512477643]
20250907: [214503.70016518113]
20250908: [213818.40093600083]
20250909: [214773.52489179643]
20250910: [212125.1769687465]
20250911: [208375.29361755127]
20250912: [213148.78652739502]
20250913: [213622.02036469133]
20250914: [215505.0471023611]
20250915: [215339.59474374974]
20250916: [215816.74605230975]
20250917: [212697.1194575726]
20250918: [212366.28791673682]
20250919: [211767.05321674913]
20250920: [218915.2273357302]
20250921: [218436.0161808534]
20250922: [219955.38580059475]
20250923: [218164.81229266277]
20250924: [216360.18114628614]
20250926: [215622.28712878336]
20250927: [218299.4419235994]
20250928: [217947.77741793424]
20250929: [215547.27837256252]
20250930: [214924.19419331444]
20251001: [216285.16051224762]
20251002: [215465.48866978512]
20251003: [219872.40510388938]
20251004: [214510.2073649794]
20251005: [217630.0452019543]
20251006: [217503.8489070658]
20251007: [218349.82728176686]
20251008: [213927.5720245077]
20251009: [214694.68305093894]
20251010: [216457.27784888985]
20251011: [214131.12007248192]
20251012: [214575.71578259952]
20251013: [216759.73504571972]
20251014: [215403.35747922002]
20251015: [213768.86368802574]
20251016: [217071.99308062397]
20251017: [218033.04784126757]
20251018: [218393.74694214948]
20251019: [216442.17903440222]
20251020: [214090.31357063988]
20251021: [219499.2895574818]
20251022: [217255.42164405785]
20251023: [214805.0947202386]
20251024: [215194.8378576827]
20251025: [219977.5358000101]
20251026: [216466.967954115]
20251027: [210991.27844329047]
20251028: [216310.80214468855]
20251029: [217736.33723920237]
20251030: [215218.08187037965]
20251031: [217532.45321122158]
20251101: [215013.00328990963]
20251102: [211932.48115183008]
20251103: [214410.61767281673]
20251104: [214941.29724390464]
20251105: [213093.9164735632]
20251106: [212300.81805138345]
20251107: [216161.85817321762]
20251108: [219186.53351636467]
20251109: [210872.73855069984]
20251110: [217298.56273391395]
20251111: [215947.90369622887]
20251112: [216548.5996130785]
20251113: [215974.12124574403]
20251114: [223493.4908974138]
20251115: [218960.44666718756]
20251117: [215044.15745742747]
20251118: [217647.61152610404]
20251119: [217069.12639867965]
20251120: [220181.4241336718]
20251121: [215245.70385825358]
20251124: [214324.354030018]
20251125: [220867.91608605857]
20251126: [220598.6172570416]
20251127: [213838.88613561713]
20251128: [217280.82953515174]
20251129: [213899.4723465122]
20251130: [216261.3177479905]
20251201: [217146.7341744835]
20251202: [221047.84003041786]
20251203: [220391.10882922105]
20251204: [224841.399852861]
20251205: [226322.49246738543]
20251206: [222823.78873039508]
20251207: [221473.46092232654]
20251208: [223324.73812372616]
20251209: [225530.87195176326]
20251210: [224324.4658405137]
20251211: [220014.46560743937]
20251212: [220642.9772712435]
20251213: [223121.89922374272]
20251214: [222071.26036109045]
20251215: [221735.83366307223]
20251216: [217198.54040728137]
