20250708: [20370039.77802493]
20250709: [20008842.954125594]
20250710: [20278291.195530202]
20250711: [20247595.816580083]
20250712: [20545099.504413668]
20250713: [19521549.513078943]
20250714: [19969335.71937359]
20250715: [20320900.284919582]
20250716: [19298505.12548175]
20250717: [20376564.873111006]
20250718: [19979407.206967473]
20250719: [19709908.999460313]
20250720: [19955283.81617201]
20250721: [19835190.18338215]
20250722: [19672028.785385765]
20250723: [20828485.743997082]
20250724: [19533122.66882799]
20250725: [19831614.889347408]
20250726: [20600121.90427996]
20250727: [19880709.03601742]
20250728: [20557830.70400596]
20250729: [19946444.183711912]
20250730: [18857975.86653874]
20250731: [19823089.153009545]
20250801: [20610272.245582417]
20250802: [21301866.911220286]
20250803: [21159377.888572667]
20250804: [21421654.651728526]
20250805: [19962644.86463305]
20250806: [20279144.484833248]
20250807: [20059350.548228327]
20250808: [18420824.79987309]
20250809: [20813817.095532693]
20250810: [21194138.87448506]
20250811: [19759991.999977887]
20250812: [19796501.14887138]
20250813: [19360045.75406397]
20250814: [20707814.55595932]
20250815: [18868284.42287665]
20250816: [19377067.714292753]
20250817: [19727615.11091816]
20250818: [19372278.105792325]
20250819: [14657535.604434112]
20250820: [19617224.760564446]
20250821: [20497185.659143046]
20250822: [19620372.571994897]
20250823: [20041592.882504944]
20250824: [20044692.166416533]
20250825: [20156079.38006998]
20250826: [20383669.593154702]
20250827: [18986001.849174332]
20250828: [20800137.18838576]
20250829: [20080807.01703977]
20250830: [19615091.019483298]
20250831: [20496512.939004228]
20250901: [21574681.517099354]
20250902: [20196488.282550614]
20250903: [20842560.64540294]
20250904: [19695097.165298007]
20250905: [19833770.6235103]
20250906: [20569355.356187895]
20250907: [20189965.23640401]
20250908: [20498258.92046922]
20250909: [20798923.94816857]
20250910: [20098480.929240588]
20250911: [21016508.40858163]
20250912: [20251623.00524537]
20250913: [19904450.544335704]
20250914: [19736663.57156663]
20250915: [20485111.926689785]
20250916: [19800466.69598963]
20250917: [20326886.975329977]
20250918: [21062775.296737775]
20250919: [21094214.084224522]
20250920: [19877194.539051425]
20250921: [19995618.032080058]
20250922: [20318361.78832894]
20250923: [21201640.368448634]
20250924: [19588969.172594294]
20250926: [19468073.72239407]
20250927: [20002445.281462207]
20250928: [19867975.619800966]
20250929: [19791785.33072833]
20250930: [20253560.933219515]
20251001: [19292907.198316496]
20251002: [20915203.173820753]
20251003: [19885600.229323875]
20251004: [20767295.390595853]
20251005: [21086544.077735912]
20251006: [21120971.056150332]
20251007: [20266777.947083183]
20251008: [20932817.101861443]
20251009: [20665959.73886635]
20251010: [19837947.592862938]
20251011: [18934580.327862304]
20251012: [19310705.003697775]
20251013: [20350625.79865403]
20251014: [20592025.565780766]
20251015: [20509150.834798545]
20251016: [17117618.221952256]
20251017: [19479621.637091126]
20251018: [20417097.259686563]
20251019: [19219278.944202404]
20251020: [20701670.91625534]
20251021: [20654180.510934528]
20251022: [20515674.037630886]
20251023: [18964746.507075682]
20251024: [20256407.008362576]
20251025: [19881483.7659902]
20251026: [20787604.859930634]
20251027: [20395029.527732298]
20251028: [20230350.602115963]
20251029: [19462518.371669687]
20251030: [20526668.2637646]
20251031: [20864875.275617305]
20251101: [20075995.83104165]
20251102: [20399821.845835607]
20251103: [21092935.330121707]
20251104: [19411507.525044117]
20251105: [22907334.648820642]
20251106: [20577531.30549392]
20251107: [21042519.708222907]
20251108: [21651540.38824642]
20251109: [21870437.408412497]
20251110: [20528977.369455434]
20251111: [21821303.853701208]
20251112: [20680538.043920495]
20251113: [20039102.91575488]
20251114: [21455015.44992006]
20251115: [22288319.209803768]
20251117: [22067422.963308915]
20251118: [21795564.07564504]
20251119: [22232415.52483953]
20251120: [20667609.290915933]
20251121: [21140143.057364352]
20251124: [21361029.9252798]
20251125: [21156622.902521033]
20251126: [21009906.275100507]
20251127: [22169627.55283063]
20251128: [21589159.19546384]
20251129: [21164244.337137345]
20251130: [21153269.719731532]
20251201: [22045408.210470736]
20251202: [19806538.064132836]
20251203: [21042368.33904956]
20251204: [21543324.71999517]
20251205: [22212044.309244018]
20251206: [21627016.074376162]
20251207: [22010359.833397955]
20251208: [22329065.300129432]
20251209: [21780889.987715084]
20251210: [21761794.524404496]
20251211: [21259140.08255606]
20251212: [20129402.36334462]
20251213: [21247784.60847007]
20251214: [21851763.04744975]
20251215: [20914454.719670836]
20251216: [21232791.57383079]
20251217: [21167343.532443516]
20251218: [21521076.722836222]
20251219: [21327203.5767882]
20251220: [21517761.37276172]
20251221: [22675578.792282008]
20251222: [22717871.697603997]
20251223: [22596999.497998703]
20251224: [21255709.556362905]
20251225: [22705530.579301316]
20251226: [21696134.710868306]
20251227: [23129678.86808756]
20251228: [21959907.85992212]
20251229: [21323587.44970718]
20251230: [23152069.909923922]
20251231: [21565299.14316667]
20260101: [21652059.45270275]
20260102: [19990630.17057669]
20260103: [22059034.387772635]
20260104: [20859061.871589873]
20260105: [20810122.27352827]
20260106: [21939935.58714155]
20260107: [21499879.5970877]
20260108: [21818743.810863413]
20260109: [21638495.4318234]
20260110: [21102024.343008976]
20260111: [20928476.2285368]
20260112: [21296454.199355703]
20260113: [21370803.720924992]
20260114: [20149682.63418639]
20260115: [21883272.23370772]
20260116: [21549361.614174694]
20260117: [20657632.96939744]
20260118: [21270225.503824312]
20260119: [21043114.45675839]
20260120: [21383146.062877886]
20260121: [20065999.298186447]
20260122: [20575254.213520948]
20260123: [20818242.867749143]
20260124: [20737756.395267617]
20260125: [20875842.642590247]
20260126: [21238826.84146722]
20260127: [20637260.17789885]
20260128: [21808390.16649292]
20260129: [20659321.869343176]
