20251026: [20787604.859930634]
20251027: [20395029.527732298]
20251028: [20230350.602115963]
20251029: [19462518.371669687]
20251030: [20526668.2637646]
20251031: [20864875.275617305]
20251101: [20075995.83104165]
20251102: [20399821.845835607]
20251103: [21092935.330121707]
20251104: [19411507.525044117]
20251105: [22907334.648820642]
20251106: [20577531.30549392]
20251107: [21042519.708222907]
