20250810: [0.18195973554619504]
20250811: [0.18433633681347558]
20250812: [0.183069135680275]
20250813: [0.18610552372288267]
20250814: [0.1769982009015842]
20250815: [0.18250459394203675]
20250816: [0.18424283679269876]
20250817: [0.18193273297648624]
20250818: [0.1725397693079938]
20250819: [0.18332342313935007]
20250820: [0.1846994332883868]
20250821: [0.1831266469105549]
20250822: [0.17201924633044413]
20250823: [0.1486270365576299]
20250824: [0.17046526713579113]
20250825: [0.17370064329210713]
20250826: [0.183284269253022]
20250827: [0.16887794374977697]
20250828: [0.1457657074401799]
20250829: [0.16149752745229798]
20250830: [0.18186792306041719]
20250831: [0.18214000729917199]
20250901: [0.18312790645323543]
20250902: [0.16876912924430063]
20250903: [0.1752679001801842]
20250904: [0.16072997711582585]
20250905: [0.15969514107469843]
20250906: [0.15662418928740407]
20250907: [0.1580386930549567]
20250908: [0.17088282301226315]
20250909: [0.1646439602059889]
20250910: [0.16599582441764066]
20250911: [0.16656459076471858]
20250912: [0.16451315284835297]
20250913: [0.1725026526989188]
20250914: [0.16948241066043898]
20250915: [0.17051015234784841]
20250916: [0.16315473864578647]
20250917: [0.16569431154716435]
20250918: [0.17762517699600705]
20250919: [0.17562993437182386]
20250920: [0.17640376270022542]
20250921: [0.17136473961812188]
20250922: [0.1762833045274452]
20250923: [0.18356360757901477]
20250924: [0.1813765467996262]
20250926: [0.16767805991116816]
20250927: [0.185563397186955]
20250928: [0.18363348003122096]
20250929: [0.1736249935310756]
20250930: [0.16146441731128514]
20251001: [0.17650651466152784]
20251002: [0.15566178392507313]
20251003: [0.1755313873502389]
20251004: [0.17739770609146388]
20251005: [0.1749318894671448]
20251006: [0.17351214038373994]
20251007: [0.17082135492258577]
20251008: [0.16329277515353277]
20251009: [0.17753959402928934]
20251010: [0.16455135554013023]
20251011: [0.17351222803316213]
20251012: [0.16643134121415834]
20251013: [0.172269603728904]
20251014: [0.18590043964657324]
20251015: [0.18488808853420524]
20251016: [0.16912286888268577]
20251017: [0.1767076750459184]
20251018: [0.17098219457502975]
20251019: [0.1470021538773103]
20251020: [0.180980661921291]
20251021: [0.18365556939104144]
20251022: [0.1780520594742828]
20251023: [0.17638074718240712]
20251024: [0.17771115857746786]
20251025: [0.18146992971744805]
20251026: [0.18315359699608716]
20251027: [0.18199254288796887]
20251028: [0.18093747414112082]
20251029: [0.1809279614617943]
20251030: [0.18545659212268184]
20251031: [0.18242904768573542]
20251101: [0.17790390780120108]
20251102: [0.17890260890248613]
20251103: [0.15848133285994648]
20251104: [0.1845461833740959]
20251105: [0.1699529398269481]
20251106: [0.18173649564016084]
20251107: [0.1815996245042864]
20251108: [0.17508899619268586]
20251109: [0.17713989904651736]
20251110: [0.1832559991736328]
20251111: [0.1853140011890258]
20251112: [0.18248723643958037]
20251113: [0.18313350708051668]
20251114: [0.18543640311267814]
20251115: [0.1825562076600412]
20251117: [0.17927123625118307]
20251118: [0.17822483770721043]
20251119: [0.18642847821077013]
20251120: [0.1759643818463641]
20251121: [0.18349990478388736]
