20250708: [0.1872568314191898]
20250709: [0.18311654040121572]
20250710: [0.18640625006987574]
20250711: [0.17395878911524426]
20250712: [0.17484311242663175]
20250713: [0.172965838752348]
20250714: [0.182837470540283]
20250715: [0.17181086858481678]
20250716: [0.17446594399637633]
20250717: [0.1721928423581921]
20250718: [0.16686384624762224]
20250719: [0.15707484049913367]
20250720: [0.15558289881967466]
20250721: [0.18405001267891838]
20250722: [0.18285356452315085]
20250723: [0.1837999958526531]
20250724: [0.18335275105122537]
20250725: [0.17630161743095488]
20250726: [0.1787020693201801]
20250727: [0.17919065929793954]
20250728: [0.16201054433155476]
20250729: [0.1782372653435125]
20250730: [0.18241874914625253]
20250731: [0.1510972239206688]
20250801: [0.18759742110902392]
20250802: [0.18503600491861655]
20250803: [0.18730143894617196]
20250804: [0.18545745884983472]
20250805: [0.1839572442986544]
20250806: [0.1870490319546164]
20250807: [0.16209413858572722]
20250808: [0.18121889452932907]
20250809: [0.18244414449313137]
20250810: [0.18195973554619504]
20250811: [0.18433633681347558]
20250812: [0.183069135680275]
20250813: [0.18610552372288267]
20250814: [0.1769982009015842]
20250815: [0.18250459394203675]
20250816: [0.18424283679269876]
20250817: [0.18193273297648624]
20250818: [0.1725397693079938]
20250819: [0.18332342313935007]
20250820: [0.1846994332883868]
20250821: [0.1831266469105549]
20250822: [0.17201924633044413]
20250823: [0.1486270365576299]
20250824: [0.17046526713579113]
20250825: [0.17370064329210713]
20250826: [0.183284269253022]
20250827: [0.16887794374977697]
20250828: [0.1457657074401799]
20250829: [0.16149752745229798]
20250830: [0.18186792306041719]
20250831: [0.18214000729917199]
20250901: [0.18312790645323543]
20250902: [0.16876912924430063]
20250903: [0.1752679001801842]
20250904: [0.16072997711582585]
20250905: [0.15969514107469843]
20250906: [0.15662418928740407]
20250907: [0.1580386930549567]
20250908: [0.17088282301226315]
20250909: [0.1646439602059889]
20250910: [0.16599582441764066]
20250911: [0.16656459076471858]
20250912: [0.16451315284835297]
20250913: [0.1725026526989188]
20250914: [0.16948241066043898]
20250915: [0.17051015234784841]
20250916: [0.16315473864578647]
20250917: [0.16569431154716435]
20250918: [0.17762517699600705]
20250919: [0.17562993437182386]
20250920: [0.17640376270022542]
20250921: [0.17136473961812188]
20250922: [0.1762833045274452]
20250923: [0.18356360757901477]
20250924: [0.1813765467996262]
20250926: [0.16767805991116816]
20250927: [0.185563397186955]
20250928: [0.18363348003122096]
20250929: [0.1736249935310756]
20250930: [0.16146441731128514]
20251001: [0.17650651466152784]
20251002: [0.15566178392507313]
20251003: [0.1755313873502389]
20251004: [0.17739770609146388]
20251005: [0.1749318894671448]
20251006: [0.17351214038373994]
20251007: [0.17082135492258577]
20251008: [0.16329277515353277]
20251009: [0.17753959402928934]
20251010: [0.16455135554013023]
20251011: [0.17351222803316213]
20251012: [0.16643134121415834]
20251013: [0.172269603728904]
20251014: [0.18590043964657324]
20251015: [0.18488808853420524]
20251016: [0.16912286888268577]
20251017: [0.1767076750459184]
20251018: [0.17098219457502975]
20251019: [0.1470021538773103]
20251020: [0.180980661921291]
20251021: [0.18365556939104144]
20251022: [0.1780520594742828]
20251023: [0.17638074718240712]
20251024: [0.17771115857746786]
20251025: [0.18146992971744805]
20251026: [0.18315359699608716]
20251027: [0.18199254288796887]
20251028: [0.18093747414112082]
20251029: [0.1809279614617943]
20251030: [0.18545659212268184]
20251031: [0.18242904768573542]
20251101: [0.17790390780120108]
20251102: [0.17890260890248613]
20251103: [0.15848133285994648]
20251104: [0.1845461833740959]
20251105: [0.1699529398269481]
20251106: [0.18173649564016084]
20251107: [0.1815996245042864]
20251108: [0.17508899619268586]
20251109: [0.17713989904651736]
20251110: [0.1832559991736328]
20251111: [0.1853140011890258]
20251112: [0.18248723643958037]
20251113: [0.18313350708051668]
20251114: [0.18543640311267814]
20251115: [0.1825562076600412]
20251117: [0.17927123625118307]
20251118: [0.17822483770721043]
20251119: [0.18642847821077013]
20251120: [0.1759643818463641]
20251121: [0.18349990478388736]
20251124: [0.18287773538587834]
20251125: [0.1829385296484334]
20251126: [0.1879206665686038]
20251127: [0.17669615740940717]
20251128: [0.18146408377099316]
20251129: [0.18208771602385937]
20251130: [0.18027278321361603]
20251201: [0.18453125127706696]
20251202: [0.18142995125437958]
20251203: [0.167453937496985]
20251204: [0.17687250310171748]
20251205: [0.178592814678814]
20251206: [0.18570193257819276]
20251207: [0.1835781854927372]
20251208: [0.18296118880479062]
20251209: [0.17891070143706692]
20251210: [0.17000186918775312]
20251211: [0.1787725104492067]
20251212: [0.17815881176666817]
20251213: [0.1748026013793269]
20251214: [0.1786864622941826]
20251215: [0.1739562750261073]
20251216: [0.16307024742017623]
20251217: [0.17119758048493935]
20251218: [0.17723963229936995]
20251219: [0.15140419639389258]
20251220: [0.16902959008363933]
20251221: [0.1779715824143874]
20251222: [0.17601405549661123]
20251223: [0.1779879364087948]
20251224: [0.17830466936345662]
20251225: [0.17490058853389356]
20251226: [0.16947412963275976]
20251227: [0.1777326235282581]
20251228: [0.1785345766639219]
20251229: [0.16081669101651852]
20251230: [0.17770683895142486]
20251231: [0.17871856129735308]
20260101: [0.18014036133819483]
20260102: [0.16746738855923832]
20260103: [0.16461928669375214]
20260104: [0.16918105366017575]
20260105: [0.1632935647066267]
20260106: [0.160448246337821]
20260107: [0.16145288135787625]
20260108: [0.1648598765362315]
20260109: [0.16727706473953396]
20260110: [0.1757972619370994]
20260111: [0.17743766878978687]
20260112: [0.17367346954501184]
20260113: [0.17848798628369084]
20260114: [0.1751688086072537]
20260115: [0.1771343817543916]
20260116: [0.1759182348401576]
20260117: [0.16096009585430704]
20260118: [0.1792928671276441]
20260119: [0.1759358738512506]
20260120: [0.1779087977380434]
20260121: [0.17656499314751922]
20260122: [0.1775470787832266]
20260123: [0.17670066782358193]
20260124: [0.1768173871582282]
20260125: [0.1746318872793056]
20260126: [0.18111093900197983]
20260127: [0.17813262146535314]
20260128: [0.18115507409007242]
20260129: [0.18175852434215634]
20260130: [0.14115666291224813]
20260131: [0.1790864250798999]
20260201: [0.1775914628054967]
20260202: [0.17562694538807577]
20260203: [0.1752479637614711]
20260204: [0.17863968134485658]
20260205: [0.1800557691604968]
20260206: [0.17771873057670515]
20260207: [0.17946240079556325]
20260208: [0.18058149904753454]
20260209: [0.17634208000254875]
20260210: [0.1780541245531128]
20260211: [0.17383159880882465]
20260212: [0.16361154731688718]
20260213: [0.1792539862668914]
20260214: [0.17830703070203355]
20260216: [0.1724002317457687]
