20251024: [0.17771115857746786]
20251025: [0.18146992971744805]
20251026: [0.18315359699608716]
20251027: [0.18199254288796887]
20251028: [0.18093747414112082]
20251029: [0.1809279614617943]
20251030: [0.18545659212268184]
20251031: [0.18242904768573542]
20251101: [0.17790390780120108]
20251102: [0.17890260890248613]
20251103: [0.15848133285994648]
20251104: [0.1845461833740959]
20251105: [0.1699529398269481]
20251106: [0.18173649564016084]
20251107: [0.1815996245042864]
20251108: [0.17508899619268586]
