20250923: [5693436.2541476]
20250924: [5368067.154502032]
20250926: [5546753.218671106]
20250927: [6063678.2388099395]
20250928: [6067551.429467622]
20250929: [5686464.417105248]
20250930: [5607488.1644426705]
20251001: [5890651.797639036]
20251002: [5648456.546657279]
20251003: [5528682.352438682]
20251004: [5742262.824952833]
20251005: [5900648.913418342]
20251006: [5884279.24656564]
20251007: [5691463.8546889145]
20251008: [5579517.075288177]
20251009: [5666109.253470748]
20251010: [5641556.892433024]
20251011: [5386241.670632337]
20251012: [5697081.030832279]
20251013: [5967555.081986899]
20251014: [5579766.442395633]
20251015: [5590993.007842327]
20251016: [5733837.6116288435]
20251017: [5647665.286862031]
20251018: [5493711.134063595]
20251019: [5574687.916614631]
20251020: [5852196.292669346]
20251021: [5762307.378307134]
20251022: [5533177.80699392]
20251023: [5730600.295679204]
20251024: [5839563.355694587]
20251025: [5910516.813855221]
20251026: [5738362.478579576]
20251027: [5743322.003266957]
20251028: [5599407.744524463]
20251029: [5846113.765460233]
20251030: [6137397.439645276]
20251031: [6149958.397196102]
20251101: [5798564.630645076]
20251102: [6031709.319715369]
20251103: [5814483.267292453]
20251104: [5846952.878732694]
20251105: [6019115.113691845]
20251106: [6273414.190023613]
20251107: [6172053.636128807]
20251108: [5889669.77541989]
20251109: [5981547.648922173]
20251112: [6104511.561615872]
