20250708: [5535154.435477319]
20250709: [5751708.8836867735]
20250710: [5961600.369761998]
20250711: [5589889.673788346]
20250712: [5606826.9441354005]
20250713: [5537474.183626431]
20250714: [5859265.735702718]
20250715: [5466596.022983958]
20250716: [5736115.938474612]
20250717: [5812154.005762312]
20250718: [6097464.608190666]
20250719: [5899742.232199036]
20250720: [5862366.787866795]
20250721: [5372462.206932549]
20250722: [5263152.183853147]
20250723: [5062676.770401372]
20250724: [5454015.446337278]
20250725: [5268062.589767418]
20250726: [6016762.960584507]
20250727: [6045504.6363408165]
20250728: [6087477.9575228775]
20250729: [5783727.759395452]
20250730: [5602403.439389983]
20250731: [5656717.818076321]
20250801: [5904596.389912888]
20250802: [5848175.983535493]
20250803: [6121548.795660971]
20250804: [5958689.010692072]
20250805: [5702601.010378669]
20250806: [5813104.536751557]
20250807: [5765234.852592073]
20250808: [6185056.513001196]
20250809: [6028698.812421604]
20250810: [5893127.095734689]
20250811: [5709162.201702307]
20250812: [5682629.999975439]
20250813: [5888896.720307763]
20250814: [6023941.504316222]
20250815: [5826604.729397823]
20250816: [6006385.975270321]
20250817: [6078880.654956869]
20250818: [5787639.812934618]
20250819: [5850226.593323626]
20250820: [5870433.154368673]
20250821: [5517328.396837185]
20250822: [5699102.347838554]
20250823: [5925973.746065282]
20250824: [5862996.477271772]
20250825: [5820020.572130981]
20250826: [5632114.645612404]
20250827: [5639843.099957427]
20250828: [5645088.859699288]
20250829: [5490375.195072458]
20250830: [5809587.96176656]
20250831: [5515896.625167524]
20250901: [5596069.759815186]
20250902: [5807940.511958804]
20250903: [5825547.625200021]
20250904: [5989653.2603589045]
20250905: [5997252.41864509]
20250906: [5941835.774543505]
20250907: [5878351.886362234]
20250908: [5808254.109266774]
20250909: [5395461.655649541]
20250910: [5315213.385326185]
20250911: [5802182.945001964]
20250912: [5606801.668090342]
20250913: [5804316.691266502]
20250914: [5426323.220571777]
20250915: [5392199.2891233545]
20250916: [5680847.932544236]
20250917: [5799995.661950036]
20250918: [5447947.432337143]
20250919: [5473296.257556641]
20250920: [5222696.304428299]
20250921: [5176864.257517064]
20250922: [5248323.560455074]
20250923: [5693436.2541476]
20250924: [5368067.154502032]
20250926: [5546753.218671106]
20250927: [6063678.2388099395]
20250928: [6067551.429467622]
20250929: [5686464.417105248]
20250930: [5607488.1644426705]
20251001: [5890651.797639036]
20251002: [5648456.546657279]
20251003: [5528682.352438682]
20251004: [5742262.824952833]
20251005: [5900648.913418342]
20251006: [5884279.24656564]
20251007: [5691463.8546889145]
20251008: [5579517.075288177]
20251009: [5666109.253470748]
20251010: [5641556.892433024]
20251011: [5386241.670632337]
20251012: [5697081.030832279]
20251013: [5967555.081986899]
20251014: [5579766.442395633]
20251015: [5590993.007842327]
20251016: [5733837.6116288435]
20251017: [5647665.286862031]
20251018: [5493711.134063595]
20251019: [5574687.916614631]
20251020: [5852196.292669346]
20251021: [5762307.378307134]
20251022: [5533177.80699392]
20251023: [5730600.295679204]
20251024: [5839563.355694587]
20251025: [5910516.813855221]
20251026: [5738362.478579576]
20251027: [5743322.003266957]
20251028: [5599407.744524463]
20251029: [5846113.765460233]
20251030: [6137397.439645276]
20251031: [6149958.397196102]
20251101: [5798564.630645076]
20251102: [6031709.319715369]
20251103: [5814483.267292453]
20251104: [5846952.878732694]
20251105: [6019115.113691845]
20251106: [6273414.190023613]
20251107: [6172053.636128807]
20251108: [5889669.77541989]
20251109: [5981547.648922173]
20251110: [5965399.935486617]
20251111: [6083081.800375431]
20251112: [6104511.561615872]
20251113: [5801674.832716717]
20251114: [5803009.521008807]
20251115: [5928655.871375457]
20251117: [5837196.297816981]
20251118: [5870728.977494337]
20251119: [5719460.384956646]
20251120: [5812521.197634007]
20251121: [6210620.719566012]
20251124: [5584179.275759951]
20251125: [5504115.722029045]
20251126: [6178175.622314461]
20251127: [5854209.574333277]
20251128: [6046538.972883923]
20251129: [5763744.831615543]
20251130: [5779386.291270683]
20251201: [5760599.9176403405]
20251202: [5904280.0455434155]
20251203: [5450645.705308755]
20251204: [6087775.058826156]
20251205: [5477581.19684559]
20251206: [6274011.271254686]
20251207: [6031451.987753408]
20251208: [6027200.660715952]
20251209: [6214243.192807183]
20251210: [6194178.745153641]
20251211: [5152300.872379776]
20251212: [5669953.437660294]
20251213: [5981876.5818375535]
20251214: [5675072.847145715]
20251215: [6151331.013670281]
20251216: [5619441.201988111]
20251217: [6426035.892832347]
20251218: [6393667.649249491]
20251219: [6268093.902588259]
20251220: [6428926.9548905315]
20251221: [6231407.390630519]
20251222: [6195681.366569252]
20251223: [6240060.870641809]
20251224: [6458888.650966579]
20251225: [3343870.0273744916]
20251226: [6274298.159625518]
20251227: [6306177.019132102]
20251228: [6340397.080745997]
20251229: [6601353.5623716535]
20251230: [6282553.599007466]
20251231: [6432568.106709034]
20260101: [5817250.663692446]
20260102: [6051643.90406495]
20260103: [6283391.222037229]
20260104: [6339909.956478594]
20260105: [6536412.417889084]
20260106: [6530793.160355038]
20260107: [6419794.831264751]
20260108: [6516756.081632466]
20260109: [6029553.350152027]
20260110: [6471545.1653056815]
20260111: [6546087.856302804]
20260112: [6166309.212770517]
20260113: [6505355.806818498]
20260114: [6127963.024068336]
20260115: [6398025.3176625725]
20260116: [6573661.217916614]
20260117: [6379904.426332332]
20260118: [6555216.430116248]
20260119: [6559682.467199127]
20260120: [6623993.379198403]
20260121: [6698275.676307873]
20260122: [6539037.623112014]
20260123: [6647774.812711303]
20260124: [6574985.628198663]
20260125: [6550198.94142789]
20260126: [6605549.493134794]
20260127: [6838107.478494469]
20260128: [6769563.8227078235]
20260129: [6843370.80750927]
20260130: [6811426.562581035]
20260131: [6765809.772895756]
20260201: [6728150.942095122]
20260202: [5959983.568451659]
20260203: [6662286.720102031]
20260204: [6541664.641771197]
20260205: [6628371.034564561]
20260206: [6658384.153419092]
20260207: [6397828.174036499]
20260208: [6435133.863031576]
20260209: [6081666.595592729]
20260210: [6640696.493670562]
20260211: [6680334.569840256]
20260212: [6644410.550911655]
20260213: [6692691.021825246]
20260214: [6607318.104109636]
20260215: [6351519.015977264]
20260216: [6236419.682771265]
20260217: [6178050.548511207]
20260218: [6705383.668214926]
20260219: [6562063.380647674]
