20251027: [5743322.003266957]
20251028: [5599407.744524463]
20251029: [5846113.765460233]
20251030: [6137397.439645276]
20251031: [6149958.397196102]
20251101: [5798564.630645076]
20251102: [6031709.319715369]
20251103: [5814483.267292453]
20251104: [5846952.878732694]
20251105: [6019115.113691845]
20251106: [6273414.190023613]
20251107: [6172053.636128807]
