20250928: [4142201.4467346463]
20250929: [3824725.9431650895]
20250930: [3886052.271993183]
20251001: [3950999.8640583833]
20251002: [4030893.0897881226]
20251003: [3987553.6552596856]
20251004: [4040388.6261685486]
20251005: [3905026.343868966]
20251006: [3926349.043843462]
20251007: [3713410.6973371278]
20251008: [3652169.468881093]
20251009: [3614198.8134069354]
20251010: [3588200.8079110305]
20251011: [3608692.148108932]
20251012: [3607910.38698305]
20251013: [3624325.8082282967]
20251014: [3789658.6283728587]
20251015: [3788891.2045627744]
20251016: [3536867.6645990335]
20251017: [3629032.697568169]
20251018: [3715634.6104324856]
20251019: [3603141.929564952]
20251020: [3777251.7373236455]
20251021: [3880740.4891547323]
20251022: [3630508.817100653]
20251023: [3950116.902033127]
20251024: [3867620.7711447934]
20251025: [3828883.663357903]
20251026: [3784581.244635963]
20251027: [3901509.1099083964]
20251028: [3573347.9040305084]
20251029: [3669189.7774606245]
20251030: [3674932.574403641]
20251031: [3680878.745936786]
20251101: [3833002.4610665673]
20251102: [4007546.167514191]
20251103: [3914070.234343113]
20251104: [3536142.5754017313]
20251105: [4065998.184975646]
20251106: [4471679.851594901]
20251107: [3850936.3067111988]
20251108: [3854991.836298015]
20251109: [3920210.036687434]
