20250708: [2971430.1685756585]
20250709: [2940189.040455656]
20250710: [2921155.2147445064]
20250711: [2866002.07060794]
20250712: [2892499.6142515]
20250713: [2865503.5894978894]
20250714: [2985889.6549471985]
20250715: [2943361.3424314903]
20250716: [3059870.9126872113]
20250717: [3025671.2644117833]
20250718: [2869307.807291013]
20250719: [2990911.462151387]
20250720: [2958482.5298083606]
20250721: [2800513.3848366514]
20250722: [2794865.5891378876]
20250723: [2827114.2800690355]
20250724: [2698712.691856229]
20250725: [2831465.050113949]
20250726: [3223155.9780184627]
20250727: [3191921.4575145883]
20250728: [3219156.5617478983]
20250729: [3164714.5042906236]
20250730: [2970349.0429085693]
20250731: [2977035.1094539165]
20250801: [3176657.4167460464]
20250802: [3181034.847843789]
20250803: [3162616.9631159236]
20250804: [3198457.037465348]
20250805: [3080984.773933584]
20250806: [3096080.419514191]
20250807: [3119544.15004236]
20250808: [3130756.861942892]
20250809: [3047322.0243170345]
20250810: [3038351.758642715]
20250811: [3174478.6969972053]
20250812: [3021192.4695852166]
20250813: [3257429.816848647]
20250814: [3303966.573222458]
20250815: [3358921.1167964726]
20250816: [3324722.1056040097]
20250817: [3295051.1522019403]
20250818: [3325584.7997345636]
20250819: [3378104.292320862]
20250820: [3263019.773526459]
20250821: [3208475.6749153496]
20250822: [3101423.0418460434]
20250823: [3091674.657499735]
20250824: [3093615.732735208]
20250825: [2995460.1879054825]
20250826: [3124551.4874546523]
20250827: [3051457.697456676]
20250828: [2962894.988034323]
20250829: [3125014.0068337754]
20250830: [3175571.29806487]
20250831: [3167996.6177966064]
20250901: [3170180.77268896]
20250902: [3063360.447612393]
20250903: [3085796.575356013]
20250904: [3299994.211208815]
20250905: [3120215.1912274044]
20250906: [3005336.113545023]
20250907: [3274783.430731623]
20250908: [3200755.30788611]
20250909: [3103395.739976782]
20250910: [3088049.435584986]
20250911: [3237722.781014448]
20250912: [3176854.9085494233]
20250913: [3312265.79562838]
20250914: [3275075.6337711457]
20250915: [3248049.3058751635]
20250916: [3181449.7317751516]
20250917: [3137959.6466644867]
20250918: [3092662.359618597]
20250919: [3185877.4756927295]
20250920: [3041750.23959917]
20250921: [3101157.4698455897]
20250922: [3101016.235856335]
20250923: [3061705.5405810066]
20250924: [3140394.910815104]
20250926: [3053171.992685266]
20250927: [3305727.7472747304]
20250928: [3303840.0619688137]
20250929: [3248503.960884727]
20250930: [3149470.796357684]
20251001: [3311447.5049098595]
20251002: [3245788.835976151]
20251003: [3396040.5924113165]
20251004: [3318223.52209345]
20251005: [3191840.8163872827]
20251006: [3246243.259213397]
20251007: [2949819.4538181326]
20251008: [2965665.784200919]
20251009: [3142856.561955374]
20251010: [3090207.9651143686]
20251011: [3098899.781629248]
20251012: [3073004.3485909207]
20251013: [2958480.841608456]
20251014: [3122884.2003087983]
20251015: [3204344.226589965]
20251016: [3046829.331039249]
20251017: [3021788.853602448]
20251018: [3004885.4427535567]
20251019: [2968364.177329594]
20251020: [3132186.367727886]
20251021: [3065669.756402396]
20251022: [3042554.4029824794]
20251023: [3214478.710911353]
20251024: [3032702.0119175767]
20251025: [2827562.167349815]
20251026: [3275529.5086828126]
20251027: [3298754.2766595692]
20251028: [3231857.410872047]
20251029: [3104824.9767067307]
20251030: [3169332.921599222]
20251031: [3119605.729574348]
20251101: [3288723.0680824253]
20251102: [3245705.082546117]
20251103: [3244673.3657633853]
20251104: [3365134.7426449577]
20251105: [3312549.9210117944]
20251106: [3545939.625602535]
20251107: [3409636.890167957]
20251108: [3315348.162273063]
20251109: [3389564.742707091]
20251110: [3335321.4879245018]
20251111: [3354512.9025012944]
20251112: [3021667.2513276385]
20251113: [3262339.6317754122]
20251114: [3295259.393214044]
20251115: [3432649.172375084]
20251117: [3290067.8663745103]
20251118: [3280543.1917967005]
20251119: [3342365.493043844]
20251120: [3340329.2225244273]
20251121: [3271782.2805236047]
20251124: [3164777.414343786]
20251125: [3219877.9328332962]
20251126: [3166905.3391533904]
20251127: [3215394.8057748964]
20251128: [3222497.09198878]
20251129: [3079796.486342519]
20251130: [3279264.1889141686]
20251201: [3357741.9818247473]
20251202: [3103902.8139366987]
20251203: [3141684.233495967]
20251204: [3355714.766919691]
20251205: [3408307.9472984914]
20251206: [3194772.3209895263]
20251207: [3202600.1714194748]
20251208: [3084968.549069138]
20251209: [3345935.2804199536]
20251210: [3230034.493240899]
20251211: [3044998.2240406047]
20251212: [3003762.633971691]
20251213: [3451027.612371183]
20251214: [3300183.7063080748]
20251215: [3208572.3188903886]
20251216: [3373582.1844982035]
20251217: [3481229.44406551]
20251218: [3461151.8865757403]
20251219: [3356648.309773501]
20251220: [3677668.418507941]
20251221: [3499705.559285979]
20251222: [3484140.0795167712]
20251223: [3556325.2750468333]
20251224: [3447176.539331629]
20251225: [3543752.888500949]
20251226: [3560119.3980008387]
20251227: [3404504.977425439]
20251228: [3450116.489178665]
20251229: [3659078.347357569]
20251230: [3515438.8646318754]
20251231: [3612473.913887229]
