20251029: [3669189.7774606245]
20251030: [3674932.574403641]
20251031: [3680878.745936786]
20251101: [3833002.4610665673]
20251102: [4007546.167514191]
20251103: [3914070.234343113]
20251104: [3536142.5754017313]
20251105: [4065998.184975646]
20251106: [4471679.851594901]
20251107: [3850936.3067111988]
