20251010: [3090207.9651143686]
20251011: [3098899.781629248]
20251012: [3073004.3485909207]
20251013: [2958480.841608456]
20251014: [3122884.2003087983]
20251015: [3204344.226589965]
20251016: [3046829.331039249]
20251017: [3021788.853602448]
20251018: [3004885.4427535567]
20251019: [2968364.177329594]
20251020: [3132186.367727886]
20251021: [3065669.756402396]
20251022: [3042554.4029824794]
20251023: [3214478.710911353]
20251024: [3032702.0119175767]
20251025: [2827562.167349815]
20251026: [3275529.5086828126]
20251027: [3298754.2766595692]
20251028: [3231857.410872047]
20251029: [3104824.9767067307]
20251030: [3169332.921599222]
20251031: [3119605.729574348]
20251101: [3288723.0680824253]
20251102: [3245705.082546117]
20251103: [3244673.3657633853]
20251104: [3365134.7426449577]
20251105: [3312549.9210117944]
20251106: [3545939.625602535]
20251107: [3409636.890167957]
20251108: [3315348.162273063]
20251109: [3389564.742707091]
