20251018: [3715634.6104324856]
20251019: [3603141.929564952]
20251020: [3777251.7373236455]
20251021: [3880740.4891547323]
20251022: [3630508.817100653]
20251023: [3950116.902033127]
20251024: [3867620.7711447934]
20251025: [3828883.663357903]
20251026: [3784581.244635963]
20251027: [3901509.1099083964]
20251028: [3573347.9040305084]
20251029: [3669189.7774606245]
20251030: [3674932.574403641]
20251031: [3680878.745936786]
20251101: [3833002.4610665673]
20251102: [4007546.167514191]
20251103: [3914070.234343113]
20251104: [3536142.5754017313]
20251105: [4065998.184975646]
20251106: [4471679.851594901]
20251107: [3850936.3067111988]
20251108: [3854991.836298015]
