20250716: [4982696.969831263]
20250717: [5048324.152292706]
20250718: [4984508.358108147]
20250719: [5015116.797311953]
20250720: [4963382.22837881]
20250721: [4998020.562425109]
20250722: [5058766.045114677]
20250723: [4944744.159752166]
20250724: [4995481.765766513]
20250725: [5085925.315075177]
20250726: [4895667.879301488]
20250727: [4895679.873434818]
20250728: [4903022.1740377275]
20250729: [5049313.49073742]
20250730: [5046878.042960634]
20250731: [5000692.1647147415]
20250801: [5072446.219811078]
20250802: [4684998.4655631455]
20250803: [5132600.947732401]
20250804: [4804200.901317458]
20250805: [4928673.834291866]
20250806: [4974139.354112556]
20250807: [5012807.88898549]
20250808: [5043794.075873639]
20250809: [5210586.398544679]
20250810: [5073946.05473996]
20250811: [5098943.691220188]
20250812: [5046639.398161458]
20250813: [5002608.554287378]
20250814: [5028625.098690983]
20250815: [4985803.160041815]
20250816: [4997715.380094566]
20250817: [4939088.620790434]
20250818: [4935433.908405304]
20250819: [4995189.999749638]
20250820: [4968438.230296091]
20250821: [5100565.998264671]
20250822: [5283370.880747626]
20250823: [5249601.566263249]
20250824: [5120526.429446511]
20250825: [5172591.311825472]
20250826: [5079529.779542298]
20250827: [5017616.750176359]
20250828: [5281771.81612801]
20250829: [5204002.030733777]
20250830: [5153837.838229094]
20250831: [5007895.763933416]
20250901: [5247259.309327087]
20250902: [4901960.868518273]
20250903: [5117451.293777079]
20250904: [5081513.439227658]
20250905: [5187403.672783521]
20250906: [5203702.077462438]
20250907: [4910419.279447554]
20250908: [5150367.998574204]
20250909: [5098120.599792849]
20250910: [5114305.973249549]
20250911: [5240337.677128199]
20250912: [5250955.454991863]
20250913: [5229951.108007167]
20250914: [5127321.897844761]
20250915: [5221073.24941223]
20250916: [5239452.729339013]
20250917: [5190171.31823768]
20250918: [5215483.753130743]
20250919: [5261348.661126469]
20250920: [5155221.293413958]
20250921: [5066154.147203135]
20250922: [5135453.574740447]
20250923: [5149680.678439134]
20250924: [5178267.60131718]
20250926: [5221235.082728634]
20250927: [5142716.56336727]
20250928: [5070171.945418894]
20250929: [4572645.718961017]
20250930: [5134571.422288868]
20251001: [5181374.054017453]
20251002: [5124171.62531712]
20251003: [5185535.004924191]
20251004: [5258449.778526285]
20251005: [5276923.560461246]
20251006: [4901726.393040124]
20251007: [5204417.953651677]
20251008: [5199072.533596409]
20251009: [4919909.723516792]
20251010: [5048014.797530636]
20251011: [5038187.739349269]
20251012: [5153222.088223296]
20251013: [5234567.542525646]
20251014: [5286062.770803242]
20251015: [5284770.9011934595]
20251016: [4971878.297376917]
20251017: [5050158.354025997]
20251018: [5236058.610447347]
20251019: [5037912.197842259]
20251020: [5243347.019730318]
20251021: [5151452.096936672]
20251022: [5060565.572297957]
20251023: [4498800.326838918]
20251024: [5118052.515131605]
20251025: [5156132.625509423]
20251026: [5133693.025488369]
20251027: [5144232.254775232]
20251028: [5055038.583832065]
20251029: [5219894.453052013]
20251030: [5180302.793830254]
20251031: [5203930.889584967]
20251101: [5121268.242130166]
20251102: [5143482.485598627]
20251103: [5244498.59874478]
20251104: [5077833.877828135]
20251105: [5391669.156700854]
20251106: [5421928.337731972]
20251107: [5405407.576179285]
20251108: [5646273.824411422]
20251109: [5671373.208972645]
20251110: [5663398.521367821]
20251111: [5470866.695875076]
20251112: [5438194.719471284]
20251113: [5483487.459756407]
20251114: [5467139.954218852]
20251115: [5522789.696682583]
20251117: [5503535.390418725]
20251118: [5399815.078750044]
20251119: [5422926.782764328]
20251120: [5747491.349239261]
20251121: [5190454.726113115]
20251124: [5553380.082831563]
20251125: [5567319.09979001]
20251126: [5538612.863623428]
20251127: [5613152.910799648]
20251128: [5324963.6648740545]
20251129: [5724350.580654112]
20251130: [5903506.353567315]
