20251017: [5050158.354025997]
20251018: [5236058.610447347]
20251019: [5037912.197842259]
20251020: [5243347.019730318]
20251021: [5151452.096936672]
20251022: [5060565.572297957]
20251023: [4498800.326838918]
20251024: [5118052.515131605]
20251025: [5156132.625509423]
20251026: [5133693.025488369]
20251027: [5144232.254775232]
20251028: [5055038.583832065]
20251029: [5219894.453052013]
20251030: [5180302.793830254]
20251031: [5203930.889584967]
20251101: [5121268.242130166]
20251102: [5143482.485598627]
20251103: [5244498.59874478]
20251104: [5077833.877828135]
20251105: [5391669.156700854]
20251106: [5421928.337731972]
20251107: [5405407.576179285]
20251108: [5646273.824411422]
