20250912: [5250955.454991863]
20250913: [5229951.108007167]
20250914: [5127321.897844761]
20250915: [5221073.24941223]
20250916: [5239452.729339013]
20250917: [5190171.31823768]
20250918: [5215483.753130743]
20250919: [5261348.661126469]
20250920: [5155221.293413958]
20250921: [5066154.147203135]
20250922: [5135453.574740447]
20250923: [5149680.678439134]
20250924: [5178267.60131718]
20250926: [5221235.082728634]
20250927: [5142716.56336727]
20250928: [5070171.945418894]
20250929: [4572645.718961017]
20250930: [5134571.422288868]
20251001: [5181374.054017453]
20251002: [5124171.62531712]
20251003: [5185535.004924191]
20251004: [5258449.778526285]
20251005: [5276923.560461246]
20251006: [4901726.393040124]
20251007: [5204417.953651677]
20251008: [5199072.533596409]
20251009: [4919909.723516792]
20251010: [5048014.797530636]
20251011: [5038187.739349269]
20251012: [5153222.088223296]
20251013: [5234567.542525646]
20251014: [5286062.770803242]
20251015: [5284770.9011934595]
20251016: [4971878.297376917]
20251017: [5050158.354025997]
20251018: [5236058.610447347]
20251019: [5037912.197842259]
20251020: [5243347.019730318]
20251021: [5151452.096936672]
20251022: [5060565.572297957]
20251023: [4498800.326838918]
20251024: [5118052.515131605]
20251025: [5156132.625509423]
20251026: [5133693.025488369]
20251027: [5144232.254775232]
20251028: [5055038.583832065]
20251029: [5219894.453052013]
20251030: [5180302.793830254]
20251031: [5203930.889584967]
20251101: [5121268.242130166]
20251102: [5143482.485598627]
20251103: [5244498.59874478]
20251104: [5077833.877828135]
20251105: [5391669.156700854]
20251106: [5421928.337731972]
20251107: [5405407.576179285]
20251108: [5646273.824411422]
20251109: [5671373.208972645]
20251110: [5663398.521367821]
20251111: [5470866.695875076]
20251112: [5438194.719471284]
20251113: [5483487.459756407]
20251114: [5467139.954218852]
20251115: [5522789.696682583]
