20250708: [11357625.276727412]
20250709: [11372047.688059436]
20250710: [11328109.048344348]
20250711: [10986270.905864883]
20250712: [11262564.969030408]
20250713: [10850269.167424437]
20250714: [11427986.432596175]
20250715: [11460252.0887535]
20250716: [11350177.532528022]
20250717: [10879808.50325338]
20250718: [11039523.832787283]
20250719: [11328683.562309707]
20250720: [11176645.856661541]
20250721: [11439588.457423747]
20250722: [11264059.70382472]
20250723: [11340001.725969618]
20250724: [11665199.903666653]
20250725: [10859039.278126815]
20250726: [11637147.854915934]
20250727: [11643516.469769903]
20250728: [11714647.067253573]
20250729: [10733129.419285651]
20250730: [10714823.47816989]
20250731: [11752240.347839795]
20250801: [12066116.222849067]
20250802: [12251301.518990735]
20250803: [11826716.737174874]
20250804: [11652730.01361818]
20250805: [11430563.808509363]
20250806: [12178268.487687739]
20250807: [11881195.882087532]
20250808: [11261827.3327006]
20250809: [12197612.568435108]
20250810: [11757141.325023003]
20250811: [11469809.452831864]
20250812: [11517429.38823956]
20250813: [10681942.774458019]
20250814: [11698161.856746374]
20250815: [11576710.716493994]
20250816: [11802386.653629016]
20250817: [11985542.628219225]
20250818: [11707247.81299653]
20250819: [12010697.993624259]
20250820: [11796749.422614714]
20250821: [11884337.429842535]
20250822: [11659103.733298765]
20250823: [11915278.865642263]
20250824: [11616677.441008182]
20250825: [11542016.317763204]
20250826: [9309815.216623956]
20250827: [10042306.608603396]
20250828: [10877225.534277124]
20250829: [10321854.589771632]
20250830: [11162395.442950038]
20250831: [11308649.942960134]
20250901: [9889023.04903826]
20250902: [10009050.729326995]
20250903: [10804097.711261656]
20250904: [11419896.151072226]
20250905: [11540589.269178623]
20250906: [10414135.284859179]
20250907: [9965706.800552126]
20250908: [9392982.402083587]
20250909: [11160195.665991714]
20250910: [11006065.908572314]
20250911: [11442157.10471746]
20250912: [11872391.533014817]
20250913: [11557020.547416026]
20250914: [11152895.852182776]
20250915: [11431777.888005314]
20250916: [10910979.522276754]
20250917: [11747291.24562432]
20250918: [11279992.590487028]
20250919: [11147491.872906428]
20250920: [11530122.867213957]
20250921: [11315542.263588585]
20250922: [10283985.491702441]
20250923: [11836944.998112516]
20250924: [11511219.57657206]
20250926: [10649708.877390534]
20250927: [10849780.712492349]
20250928: [11263667.22218209]
20250929: [10641576.44896225]
20250930: [9694169.765646266]
20251001: [11580661.413607996]
20251002: [11603124.694007458]
20251003: [11723962.35215208]
20251004: [11487921.200431906]
20251005: [10734598.348436685]
20251006: [11767528.109010562]
20251007: [11713074.306502571]
20251008: [10665797.950448964]
20251009: [10606250.540722465]
20251010: [10340528.698331406]
20251011: [10291049.842963904]
20251012: [9676210.274508588]
20251013: [10118600.200372292]
20251014: [11031260.924454726]
20251015: [11023279.604940685]
20251016: [10939399.57533347]
20251017: [10751846.90574688]
20251018: [11045798.956629323]
20251019: [10886185.53686767]
20251020: [10921873.028860748]
20251021: [11212082.577998677]
20251022: [9940022.49625363]
20251023: [9599276.812767202]
20251024: [9629061.444512919]
20251025: [10849426.256177958]
20251026: [10112057.63087738]
20251027: [10542036.139569715]
20251028: [10997493.715796873]
20251029: [10823938.412880128]
20251030: [11874303.506162358]
20251031: [11665174.665754223]
20251101: [10706651.017810505]
20251102: [11008566.151780922]
20251103: [11134847.8282864]
20251104: [11036292.15547779]
20251105: [12008211.58467651]
20251106: [10880073.426366094]
20251107: [11155570.516566575]
20251108: [11241187.919440478]
20251109: [11550597.623718759]
20251110: [10710055.3749002]
20251111: [12263730.505255977]
20251112: [10783563.348756254]
20251113: [10374498.223509531]
20251114: [10517079.384778185]
20251115: [11042829.270365058]
20251117: [9952470.83700061]
20251118: [9685614.771448826]
20251119: [10294067.124937464]
20251120: [11094069.237588802]
20251121: [11193444.845322903]
20251124: [10925781.613000797]
20251125: [11242213.912864083]
20251126: [10539197.59589083]
20251127: [10807416.044231817]
20251128: [11239794.169399012]
20251129: [10838213.211564457]
20251130: [10814838.996076178]
20251201: [11374670.58003175]
20251202: [10190219.607067598]
20251203: [10154623.560467929]
20251204: [10634278.10435552]
20251205: [11711285.040840184]
20251206: [11554947.301563809]
20251207: [10761159.591458708]
20251208: [10604735.08046616]
20251209: [11189342.107073924]
20251210: [10618727.154612835]
20251211: [11643192.896344341]
20251212: [11477044.962327933]
20251213: [10686469.106416881]
20251214: [10731295.664288102]
20251215: [11503837.315464742]
20251216: [10932406.333379181]
20251217: [11335929.706907552]
20251218: [11648282.318210553]
20251219: [11175281.118135635]
20251220: [11870186.831558187]
20251221: [11488786.01802977]
20251222: [11694249.950107811]
20251223: [11752633.634576553]
20251224: [11651586.652032206]
20251225: [11892988.626846127]
20251226: [11639767.702106256]
20251227: [10949268.252613368]
20251228: [11976913.716341233]
20251229: [11001249.866559677]
20251230: [12102651.195580104]
20251231: [11414150.562556978]
20260101: [12237674.357574375]
20260102: [11230111.727555972]
20260103: [12115432.560464554]
20260104: [11341589.851574484]
20260105: [11170979.434474086]
20260106: [11360031.191183394]
20260107: [11468603.428602248]
20260108: [11472632.888698094]
20260109: [11645578.777224522]
20260110: [11407675.032314071]
20260111: [10546073.31583421]
20260112: [11158419.94712637]
20260113: [12327406.930407822]
