20251026: [10112057.63087738]
20251027: [10542036.139569715]
20251028: [10997493.715796873]
20251029: [10823938.412880128]
20251030: [11874303.506162358]
20251031: [11665174.665754223]
20251101: [10706651.017810505]
20251102: [11008566.151780922]
20251103: [11134847.8282864]
20251104: [11036292.15547779]
20251105: [12008211.58467651]
20251106: [10880073.426366094]
20251107: [11155570.516566575]
