20250902: [10009050.729326995]
20250903: [10804097.711261656]
20250904: [11419896.151072226]
20250905: [11540589.269178623]
20250906: [10414135.284859179]
20250907: [9965706.800552126]
20250908: [9392982.402083587]
20250909: [11160195.665991714]
20250910: [11006065.908572314]
20250911: [11442157.10471746]
20250912: [11872391.533014817]
20250913: [11557020.547416026]
20250914: [11152895.852182776]
20250915: [11431777.888005314]
20250916: [10910979.522276754]
20250917: [11747291.24562432]
20250918: [11279992.590487028]
20250919: [11147491.872906428]
20250920: [11530122.867213957]
20250921: [11315542.263588585]
20250922: [10283985.491702441]
20250923: [11836944.998112516]
20250924: [11511219.57657206]
20250926: [10649708.877390534]
20250927: [10849780.712492349]
20250928: [11263667.22218209]
20250929: [10641576.44896225]
20250930: [9694169.765646266]
20251001: [11580661.413607996]
20251002: [11603124.694007458]
20251003: [11723962.35215208]
20251004: [11487921.200431906]
20251005: [10734598.348436685]
20251006: [11767528.109010562]
20251007: [11713074.306502571]
20251008: [10665797.950448964]
20251009: [10606250.540722465]
20251010: [10340528.698331406]
20251011: [10291049.842963904]
20251012: [9676210.274508588]
20251013: [10118600.200372292]
20251014: [11031260.924454726]
20251015: [11023279.604940685]
20251016: [10939399.57533347]
20251017: [10751846.90574688]
20251018: [11045798.956629323]
20251019: [10886185.53686767]
20251020: [10921873.028860748]
20251021: [11212082.577998677]
20251022: [9940022.49625363]
20251023: [9599276.812767202]
20251024: [9629061.444512919]
20251025: [10849426.256177958]
20251026: [10112057.63087738]
20251027: [10542036.139569715]
20251028: [10997493.715796873]
20251029: [10823938.412880128]
20251030: [11874303.506162358]
20251031: [11665174.665754223]
20251101: [10706651.017810505]
20251102: [11008566.151780922]
20251103: [11134847.8282864]
20251104: [11036292.15547779]
20251105: [12008211.58467651]
20251106: [10880073.426366094]
20251107: [11155570.516566575]
20251108: [11241187.919440478]
20251109: [11550597.623718759]
20251110: [10710055.3749002]
20251111: [12263730.505255977]
20251112: [10783563.348756254]
20251113: [10374498.223509531]
20251114: [10517079.384778185]
20251115: [11042829.270365058]
20251117: [9952470.83700061]
20251118: [9685614.771448826]
20251119: [10294067.124937464]
