20250708: [8243124.178540055]
20250709: [8336272.278164864]
20250710: [8017507.431186858]
20250711: [7786949.408216269]
20250712: [7946371.614348015]
20250713: [7906590.054780055]
20250714: [8639523.280967388]
20250715: [9251853.959100144]
20250716: [8451722.981875597]
20250717: [8061580.796766056]
20250718: [7569898.9374850085]
20250719: [8095484.656990307]
20250720: [8729422.926849494]
20250721: [9331502.888541296]
20250722: [8757536.193069937]
20250723: [6996317.3745043315]
20250724: [8027409.528629437]
20250725: [7745744.688622399]
20250726: [9648190.10079155]
20250727: [9817531.318801658]
20250728: [9570867.315576743]
20250729: [8867865.722133026]
20250730: [8538161.180854855]
20250731: [8873592.772217143]
20250801: [10137573.516282948]
20250802: [9340890.28360819]
20250803: [10514504.786116535]
20250804: [10215186.05656673]
20250805: [9900227.289015656]
20250806: [9927614.593567848]
20250807: [10055782.807441339]
20250808: [9410863.92833507]
20250809: [9791717.389570301]
20250810: [9571392.140882863]
20250811: [9050254.973248726]
20250812: [10317184.900545085]
20250813: [9711860.218887156]
20250814: [9828990.325715583]
20250815: [9021835.66948355]
20250816: [8811934.08566839]
20250817: [9315632.447043033]
20250818: [9487518.002975391]
20250819: [9771652.25009532]
20250820: [9782967.514970994]
20250821: [7434437.269574391]
20250822: [9011228.592051174]
20250823: [9026104.385362318]
20250824: [8533678.822625782]
20250825: [8496306.672635928]
20250826: [8002297.049309947]
20250827: [8699291.581121694]
20250828: [9396154.438755179]
20250829: [9948113.268588664]
20250830: [8882256.428068152]
20250831: [8399563.544874553]
20250901: [8633364.57811816]
20250902: [8790075.921443129]
20250903: [8428460.148426898]
20250904: [9321401.096658006]
20250905: [9393790.63428753]
20250906: [9343943.518736934]
20250907: [9124894.74956203]
20250908: [9262004.582799722]
20250909: [9209869.039900128]
20250910: [9297676.001486266]
20250911: [9093812.660389941]
20250912: [9528069.590339204]
20250913: [9185581.526777454]
20250914: [8546026.315317588]
20250915: [8902657.57188107]
20250916: [9057536.442960309]
20250917: [9134020.443666229]
20250918: [9361049.818296699]
20250919: [9025714.44458224]
20250920: [9024781.098232567]
20250921: [9372202.408765256]
20250922: [8902869.457197227]
20250923: [9028825.44663512]
20250924: [8749065.737158306]
20250926: [9272473.581262993]
20250927: [9607810.752995731]
20250928: [9419290.811870713]
20250929: [9436319.731339497]
20250930: [9049638.803113004]
20251001: [8623222.360289387]
20251002: [9191075.22075751]
20251003: [9908670.010707328]
20251004: [9783928.609421924]
20251005: [9747398.073031323]
20251006: [9738524.935281146]
20251007: [8571933.873514444]
20251008: [7974041.5488815]
20251009: [8230792.893789335]
20251010: [8508045.880780669]
20251011: [8368810.400247547]
20251012: [8541351.811361793]
20251013: [8470477.788616156]
20251014: [8870046.83112634]
20251015: [8352632.985101991]
20251016: [8700394.33586479]
20251017: [7618922.282545795]
20251018: [9462701.514311796]
20251019: [9602177.007248173]
20251020: [8713746.805673849]
20251021: [8984664.603795808]
20251022: [8368321.000534893]
20251023: [8830680.246502154]
20251024: [8824088.703903537]
20251025: [9111736.978987858]
20251026: [8548627.526068335]
20251027: [8727319.656803967]
20251028: [9079881.713624166]
20251029: [9142664.918653326]
20251030: [8601515.30584763]
20251031: [8529055.383503288]
20251101: [8002046.10060676]
20251102: [8290209.913920041]
20251103: [8866006.52922722]
20251104: [9007006.5308201]
20251105: [10112135.069582699]
20251106: [10428918.263710981]
20251107: [7988938.215061053]
20251108: [9409850.720614474]
20251109: [9306980.250012154]
20251110: [8740770.38394549]
20251111: [9798553.99925119]
20251112: [7976274.7864692295]
20251113: [9295479.620171532]
20251114: [10157610.114094047]
20251115: [9908860.042670554]
20251117: [8091688.144667056]
20251118: [8463566.105694052]
20251119: [9726240.375343239]
20251120: [9721326.10650331]
20251121: [10003153.722000137]
20251124: [8484925.873067211]
20251125: [8563418.485524919]
20251126: [9266437.304846453]
20251127: [9780836.180921052]
20251128: [9604117.934725113]
20251129: [9017579.21885631]
20251130: [9848700.577866998]
20251201: [9537540.768278904]
20251202: [8231083.233583401]
20251203: [9237578.750768933]
20251204: [8562243.753802562]
20251205: [9423112.825513905]
20251206: [9501273.4052659]
20251207: [9526041.097052772]
20251208: [9876431.334978793]
20251209: [9226410.861376086]
20251210: [9265429.589137597]
20251211: [9006944.40985679]
20251212: [9949381.718722165]
20251213: [9353216.43626382]
20251214: [8801228.495670162]
20251215: [9251177.270672336]
20251216: [8298784.842392162]
20251217: [9771772.261566196]
20251218: [8599620.816989454]
20251219: [10145122.12483941]
20251220: [9449533.929813618]
20251221: [10068601.092766982]
20251222: [9945354.92247559]
20251223: [9936299.3127362]
20251224: [10121746.619048165]
20251225: [9411127.961933143]
20251226: [10121407.474545235]
20251227: [10145341.690930998]
20251228: [10383655.67302425]
20251229: [10046910.876280483]
20251230: [10301427.763566509]
20251231: [9836855.115678543]
20260101: [9963592.13516799]
