20250919: [9025714.44458224]
20250920: [9024781.098232567]
20250921: [9372202.408765256]
20250922: [8902869.457197227]
20250923: [9028825.44663512]
20250924: [8749065.737158306]
20250926: [9272473.581262993]
20250927: [9607810.752995731]
20250928: [9419290.811870713]
20250929: [9436319.731339497]
20250930: [9049638.803113004]
20251001: [8623222.360289387]
20251002: [9191075.22075751]
20251003: [9908670.010707328]
20251004: [9783928.609421924]
20251005: [9747398.073031323]
20251006: [9738524.935281146]
20251007: [8571933.873514444]
20251008: [7974041.5488815]
20251009: [8230792.893789335]
20251010: [8508045.880780669]
20251011: [8368810.400247547]
20251012: [8541351.811361793]
20251013: [8470477.788616156]
20251014: [8870046.83112634]
20251015: [8352632.985101991]
20251016: [8700394.33586479]
20251017: [7618922.282545795]
20251018: [9462701.514311796]
20251019: [9602177.007248173]
20251020: [8713746.805673849]
20251021: [8984664.603795808]
20251022: [8368321.000534893]
20251023: [8830680.246502154]
20251024: [8824088.703903537]
20251025: [9111736.978987858]
20251026: [8548627.526068335]
20251027: [8727319.656803967]
20251028: [9079881.713624166]
20251029: [9142664.918653326]
20251030: [8601515.30584763]
20251031: [8529055.383503288]
20251101: [8002046.10060676]
20251102: [8290209.913920041]
20251103: [8866006.52922722]
20251104: [9007006.5308201]
20251105: [10112135.069582699]
20251106: [10428918.263710981]
20251107: [7988938.215061053]
20251108: [9409850.720614474]
20251109: [9306980.250012154]
20251110: [8740770.38394549]
20251111: [9798553.99925119]
20251112: [7976274.7864692295]
20251113: [9295479.620171532]
20251114: [10157610.114094047]
20251115: [9908860.042670554]
