20250708: [7941403.932776468]
20250709: [8032316.8434386775]
20250710: [8020961.642467368]
20250711: [7568876.611617886]
20250712: [7350918.120673235]
20250713: [7691847.310976475]
20250714: [8435596.588040462]
20250715: [8500206.186265532]
20250716: [8177295.839063272]
20250717: [8056866.882948791]
20250718: [7285583.4037753055]
20250719: [7894119.915537394]
20250720: [7312593.813590225]
20250721: [9050293.33438806]
20250722: [8659627.596558265]
20250723: [7002442.92323624]
20250724: [7695813.368543689]
20250725: [8007392.204185452]
20250726: [8886679.46449885]
20250727: [9353752.52392515]
20250728: [9276718.503090592]
20250729: [8395759.882624004]
20250730: [8412170.3078657]
20250731: [8363549.835116994]
20250801: [9046473.37673251]
20250802: [10035886.721319947]
20250803: [9962868.183168817]
20250804: [9661145.20233093]
20250805: [9191863.150438255]
20250806: [9862804.687869292]
20250807: [9600454.907277366]
20250808: [8924453.442754991]
20250809: [9117824.063404573]
20250810: [8701882.34668958]
20250811: [8561973.158871202]
20250812: [8931553.247865738]
20250813: [9391848.364537384]
20250814: [9440929.504424462]
20250815: [8627924.701397372]
20250816: [8520554.488688469]
20250817: [8745753.42662174]
20250818: [8495237.721280897]
20250819: [9178542.671060203]
20250820: [9180590.166338874]
20250821: [8221341.540304565]
20250822: [7990731.955052377]
20250823: [8631470.23282591]
20250824: [8630793.101696389]
20250825: [8543257.247255588]
20250826: [7681714.280012999]
20250827: [8163373.134344131]
20250828: [8519245.247998971]
20250829: [9329397.553393988]
20250830: [7524485.45809841]
20250831: [8354374.549971061]
20250901: [8238014.137859239]
20250902: [8444587.192691177]
20250903: [7408125.144392379]
20250904: [8594873.851961736]
20250905: [8829660.538616609]
20250906: [8873285.937811024]
20250907: [9140743.46537523]
20250908: [9408759.714619802]
20250909: [9013552.529748278]
20250910: [8917763.863976236]
20250911: [8977322.158639517]
20250912: [9019500.00431203]
20250913: [8780298.51691042]
20250914: [8815268.161265828]
20250915: [8633476.593051268]
20250916: [8865463.276463907]
20250917: [8544678.350932185]
20250918: [8879794.868076958]
20250919: [8861586.24766122]
20250920: [8714755.43521749]
20250921: [8751349.23197279]
20250922: [8601029.774552543]
20250923: [8823421.233830571]
20250924: [8601234.840630755]
20250926: [8979362.705771606]
20250927: [8373226.161772512]
20250928: [8491401.276948692]
20250929: [8574765.328586144]
20250930: [9309632.286717616]
20251001: [8105758.517360833]
20251002: [8447961.411627298]
20251003: [9377375.149636855]
20251004: [9107335.48986004]
20251005: [8791420.408261407]
20251006: [9052112.635759773]
20251007: [8294751.159297615]
20251008: [7691016.97969607]
20251009: [8123581.368966155]
20251010: [7588213.296863062]
20251011: [7302060.341358359]
20251012: [7751362.830381777]
20251013: [7983025.359972324]
20251014: [8547572.752189284]
20251015: [8029342.991426417]
20251016: [7756686.299220347]
20251017: [8955936.26022091]
20251018: [8599368.762827547]
20251019: [9311458.365281044]
20251020: [8481196.721470265]
20251021: [8929234.761857621]
20251022: [7974558.841257263]
20251023: [8441070.819332482]
20251024: [8405941.529031748]
20251025: [8569949.602751724]
20251026: [8129136.154307288]
20251027: [7979187.27583596]
20251028: [8363296.367894855]
20251029: [8509038.071467029]
20251030: [7548354.082767723]
20251031: [7953538.565095462]
20251101: [7747586.772559522]
20251102: [8105941.875948386]
20251103: [8232244.646584148]
20251104: [8142435.752455973]
20251105: [9833987.304538656]
20251106: [9156601.193472791]
20251107: [8504810.739253854]
20251108: [8937954.857730431]
20251109: [8879961.871113861]
20251110: [8724413.588215074]
20251111: [9170521.69893963]
20251112: [8571542.531954573]
20251113: [9462224.738176461]
20251114: [9480657.065341009]
20251115: [9340836.892769909]
20251117: [8142454.401949359]
20251118: [8137056.988285969]
20251119: [8196351.446349333]
20251120: [9450554.698564818]
20251121: [9272623.684027065]
20251124: [8187090.6624734355]
20251125: [7860540.458148775]
20251126: [7882060.931076518]
20251127: [8807849.492024183]
20251128: [8827671.285418775]
20251129: [9100428.138947727]
20251130: [9021078.734355267]
20251201: [8346948.402941805]
20251202: [7828963.010144563]
20251203: [8296208.272795044]
20251204: [8558634.916511651]
20251205: [9554736.742757535]
20251206: [9016426.829472227]
20251207: [9409378.45287739]
20251208: [9091912.360087335]
20251209: [9137670.353499038]
20251210: [8974091.77983508]
20251211: [8880430.145249302]
20251212: [9629020.429430451]
20251213: [7734846.701525183]
20251214: [7811690.478134749]
20251215: [7998647.912603314]
20251216: [7929194.734453898]
20251217: [8762614.764705805]
20251218: [8147669.888426155]
20251219: [8701336.76677436]
20251220: [8871400.340443412]
20251221: [9590667.35763356]
20251222: [9478308.885363607]
20251223: [8953644.929884603]
20251224: [9481166.295587903]
20251225: [9584408.90378561]
20251226: [9459873.576867584]
20251227: [9805606.412159981]
20251228: [9774580.079624299]
20251229: [9440997.645810232]
20251230: [9783509.496788412]
20251231: [7997428.702016493]
