20251019: [9311458.365281044]
20251020: [8481196.721470265]
20251021: [8929234.761857621]
20251022: [7974558.841257263]
20251023: [8441070.819332482]
20251024: [8405941.529031748]
20251025: [8569949.602751724]
20251026: [8129136.154307288]
20251027: [7979187.27583596]
20251028: [8363296.367894855]
20251029: [8509038.071467029]
20251030: [7548354.082767723]
20251031: [7953538.565095462]
20251101: [7747586.772559522]
20251102: [8105941.875948386]
20251103: [8232244.646584148]
20251104: [8142435.752455973]
20251105: [9833987.304538656]
20251106: [9156601.193472791]
20251107: [8504810.739253854]
20251108: [8937954.857730431]
